// !$*UTF8*$!
{
	archiveVersion = 1;
	classes = {
	};
	objectVersion = 56;
	objects = {

/* Begin PBXBuildFile section */
		CF0A631D2B466C0300301A61 /* EditFavoriteView.swift in Sources */ = {isa = PBXBuildFile; fileRef = CF0A631C2B466C0300301A61 /* EditFavoriteView.swift */; };
		CF15E1D52B4FDF0400391054 /* AlertModifier.swift in Sources */ = {isa = PBXBuildFile; fileRef = CF15E1D42B4FDF0400391054 /* AlertModifier.swift */; };
		CF1B79D12B32AACC005974B8 /* MapState.swift in Sources */ = {isa = PBXBuildFile; fileRef = CF1B79D02B32AACC005974B8 /* MapState.swift */; };
		CF2C06942B467AF500A4E8FF /* RoundedActionButton.swift in Sources */ = {isa = PBXBuildFile; fileRef = CF2C06932B467AF500A4E8FF /* RoundedActionButton.swift */; };
		CF32DD392B4538AB00B2F6C0 /* AuthManagerType.swift in Sources */ = {isa = PBXBuildFile; fileRef = CF32DD382B4538AB00B2F6C0 /* AuthManagerType.swift */; };
		CF32DD3B2B4538C700B2F6C0 /* CarPoolManagerType.swift in Sources */ = {isa = PBXBuildFile; fileRef = CF32DD3A2B4538C700B2F6C0 /* CarPoolManagerType.swift */; };
		CF32DD3E2B4538FE00B2F6C0 /* LocationSearchManagerType.swift in Sources */ = {isa = PBXBuildFile; fileRef = CF32DD3D2B4538FE00B2F6C0 /* LocationSearchManagerType.swift */; };
		CF32DD402B45391500B2F6C0 /* MessageManagerType.swift in Sources */ = {isa = PBXBuildFile; fileRef = CF32DD3F2B45391500B2F6C0 /* MessageManagerType.swift */; };
		CF3F499B2B316A6F009E8A96 /* LymCarApp.swift in Sources */ = {isa = PBXBuildFile; fileRef = CF3F499A2B316A6F009E8A96 /* LymCarApp.swift */; };
		CF3F499D2B316A6F009E8A96 /* MapView.swift in Sources */ = {isa = PBXBuildFile; fileRef = CF3F499C2B316A6F009E8A96 /* MapView.swift */; };
		CF3F499F2B316A70009E8A96 /* Assets.xcassets in Resources */ = {isa = PBXBuildFile; fileRef = CF3F499E2B316A70009E8A96 /* Assets.xcassets */; };
		CF3F49A22B316A70009E8A96 /* Preview Assets.xcassets in Resources */ = {isa = PBXBuildFile; fileRef = CF3F49A12B316A70009E8A96 /* Preview Assets.xcassets */; };
		CF3F49AC2B316BB0009E8A96 /* FirebaseAnalytics in Frameworks */ = {isa = PBXBuildFile; productRef = CF3F49AB2B316BB0009E8A96 /* FirebaseAnalytics */; };
		CF3F49AE2B316BB0009E8A96 /* FirebaseAnalyticsOnDeviceConversion in Frameworks */ = {isa = PBXBuildFile; productRef = CF3F49AD2B316BB0009E8A96 /* FirebaseAnalyticsOnDeviceConversion */; };
		CF3F49B02B316BB0009E8A96 /* FirebaseAnalyticsSwift in Frameworks */ = {isa = PBXBuildFile; productRef = CF3F49AF2B316BB0009E8A96 /* FirebaseAnalyticsSwift */; };
		CF3F49B22B316BB0009E8A96 /* FirebaseAnalyticsWithoutAdIdSupport in Frameworks */ = {isa = PBXBuildFile; productRef = CF3F49B12B316BB0009E8A96 /* FirebaseAnalyticsWithoutAdIdSupport */; };
		CF3F49B42B316BB0009E8A96 /* FirebaseAppCheck in Frameworks */ = {isa = PBXBuildFile; productRef = CF3F49B32B316BB0009E8A96 /* FirebaseAppCheck */; };
		CF3F49B62B316BB0009E8A96 /* FirebaseAppDistribution-Beta in Frameworks */ = {isa = PBXBuildFile; productRef = CF3F49B52B316BB0009E8A96 /* FirebaseAppDistribution-Beta */; };
		CF3F49B82B316BB0009E8A96 /* FirebaseAuth in Frameworks */ = {isa = PBXBuildFile; productRef = CF3F49B72B316BB0009E8A96 /* FirebaseAuth */; };
		CF3F49BA2B316BB0009E8A96 /* FirebaseAuthCombine-Community in Frameworks */ = {isa = PBXBuildFile; productRef = CF3F49B92B316BB0009E8A96 /* FirebaseAuthCombine-Community */; };
		CF3F49BC2B316BB0009E8A96 /* FirebaseCrashlytics in Frameworks */ = {isa = PBXBuildFile; productRef = CF3F49BB2B316BB0009E8A96 /* FirebaseCrashlytics */; };
		CF3F49BE2B316BB0009E8A96 /* FirebaseDatabase in Frameworks */ = {isa = PBXBuildFile; productRef = CF3F49BD2B316BB0009E8A96 /* FirebaseDatabase */; };
		CF3F49C02B316BB0009E8A96 /* FirebaseDatabaseSwift in Frameworks */ = {isa = PBXBuildFile; productRef = CF3F49BF2B316BB0009E8A96 /* FirebaseDatabaseSwift */; };
		CF3F49C22B316BB0009E8A96 /* FirebaseDynamicLinks in Frameworks */ = {isa = PBXBuildFile; productRef = CF3F49C12B316BB0009E8A96 /* FirebaseDynamicLinks */; };
		CF3F49C42B316BB0009E8A96 /* FirebaseFirestore in Frameworks */ = {isa = PBXBuildFile; productRef = CF3F49C32B316BB0009E8A96 /* FirebaseFirestore */; };
		CF3F49C62B316BB0009E8A96 /* FirebaseFirestoreCombine-Community in Frameworks */ = {isa = PBXBuildFile; productRef = CF3F49C52B316BB0009E8A96 /* FirebaseFirestoreCombine-Community */; };
		CF3F49C82B316BB0009E8A96 /* FirebaseFirestoreSwift in Frameworks */ = {isa = PBXBuildFile; productRef = CF3F49C72B316BB0009E8A96 /* FirebaseFirestoreSwift */; };
		CF3F49CA2B316BB0009E8A96 /* FirebaseFunctions in Frameworks */ = {isa = PBXBuildFile; productRef = CF3F49C92B316BB0009E8A96 /* FirebaseFunctions */; };
		CF3F49CC2B316BB0009E8A96 /* FirebaseFunctionsCombine-Community in Frameworks */ = {isa = PBXBuildFile; productRef = CF3F49CB2B316BB0009E8A96 /* FirebaseFunctionsCombine-Community */; };
		CF3F49CE2B316BB0009E8A96 /* FirebaseInAppMessaging-Beta in Frameworks */ = {isa = PBXBuildFile; productRef = CF3F49CD2B316BB0009E8A96 /* FirebaseInAppMessaging-Beta */; };
		CF3F49D02B316BB0009E8A96 /* FirebaseInAppMessagingSwift-Beta in Frameworks */ = {isa = PBXBuildFile; productRef = CF3F49CF2B316BB0009E8A96 /* FirebaseInAppMessagingSwift-Beta */; };
		CF3F49D22B316BB0009E8A96 /* FirebaseInstallations in Frameworks */ = {isa = PBXBuildFile; productRef = CF3F49D12B316BB0009E8A96 /* FirebaseInstallations */; };
		CF3F49D42B316BB0009E8A96 /* FirebaseMLModelDownloader in Frameworks */ = {isa = PBXBuildFile; productRef = CF3F49D32B316BB0009E8A96 /* FirebaseMLModelDownloader */; };
		CF3F49D62B316BB0009E8A96 /* FirebaseMessaging in Frameworks */ = {isa = PBXBuildFile; productRef = CF3F49D52B316BB0009E8A96 /* FirebaseMessaging */; };
		CF3F49D82B316BB0009E8A96 /* FirebasePerformance in Frameworks */ = {isa = PBXBuildFile; productRef = CF3F49D72B316BB0009E8A96 /* FirebasePerformance */; };
		CF3F49DA2B316BB0009E8A96 /* FirebaseRemoteConfig in Frameworks */ = {isa = PBXBuildFile; productRef = CF3F49D92B316BB0009E8A96 /* FirebaseRemoteConfig */; };
		CF3F49DC2B316BB0009E8A96 /* FirebaseRemoteConfigSwift in Frameworks */ = {isa = PBXBuildFile; productRef = CF3F49DB2B316BB0009E8A96 /* FirebaseRemoteConfigSwift */; };
		CF3F49DE2B316BB0009E8A96 /* FirebaseStorage in Frameworks */ = {isa = PBXBuildFile; productRef = CF3F49DD2B316BB0009E8A96 /* FirebaseStorage */; };
		CF3F49E02B316BB0009E8A96 /* FirebaseStorageCombine-Community in Frameworks */ = {isa = PBXBuildFile; productRef = CF3F49DF2B316BB0009E8A96 /* FirebaseStorageCombine-Community */; };
		CF3F49E22B316C11009E8A96 /* AppDelegate.swift in Sources */ = {isa = PBXBuildFile; fileRef = CF3F49E12B316C11009E8A96 /* AppDelegate.swift */; };
		CF3F49E82B316E87009E8A96 /* MapViewModel.swift in Sources */ = {isa = PBXBuildFile; fileRef = CF3F49E72B316E87009E8A96 /* MapViewModel.swift */; };
		CF3F49EF2B31A951009E8A96 /* MapViewRepresentable.swift in Sources */ = {isa = PBXBuildFile; fileRef = CF3F49EE2B31A951009E8A96 /* MapViewRepresentable.swift */; };
		CF3F49F22B31AA9E009E8A96 /* LocationManager.swift in Sources */ = {isa = PBXBuildFile; fileRef = CF3F49F12B31AA9E009E8A96 /* LocationManager.swift */; };
		CF4953072B3800B0009FD93A /* CarPoolGenerateView.swift in Sources */ = {isa = PBXBuildFile; fileRef = CF4953062B3800B0009FD93A /* CarPoolGenerateView.swift */; };
		CF4953092B380123009FD93A /* LocationSearchInputView.swift in Sources */ = {isa = PBXBuildFile; fileRef = CF4953082B380123009FD93A /* LocationSearchInputView.swift */; };
		CF49530B2B3805DF009FD93A /* CountView.swift in Sources */ = {isa = PBXBuildFile; fileRef = CF49530A2B3805DF009FD93A /* CountView.swift */; };
		CF49530D2B380816009FD93A /* TimePickerView.swift in Sources */ = {isa = PBXBuildFile; fileRef = CF49530C2B380816009FD93A /* TimePickerView.swift */; };
		CF49530F2B381080009FD93A /* OptionView.swift in Sources */ = {isa = PBXBuildFile; fileRef = CF49530E2B381080009FD93A /* OptionView.swift */; };
		CF4D9B4E2B47C6FD00231455 /* FavoriteModel.xcdatamodeld in Sources */ = {isa = PBXBuildFile; fileRef = CF4D9B4C2B47C6FD00231455 /* FavoriteModel.xcdatamodeld */; };
		CF4D9B542B47CA6000231455 /* Favorite+CoreDataClass.swift in Sources */ = {isa = PBXBuildFile; fileRef = CF4D9B522B47CA6000231455 /* Favorite+CoreDataClass.swift */; };
		CF4D9B552B47CA6000231455 /* Favorite+CoreDataProperties.swift in Sources */ = {isa = PBXBuildFile; fileRef = CF4D9B532B47CA6000231455 /* Favorite+CoreDataProperties.swift */; };
		CF4D9B572B47CB1400231455 /* PersistenceController.swift in Sources */ = {isa = PBXBuildFile; fileRef = CF4D9B562B47CB1400231455 /* PersistenceController.swift */; };
		CF6969502B50F64B007F55BA /* WebView.swift in Sources */ = {isa = PBXBuildFile; fileRef = CF69694F2B50F64B007F55BA /* WebView.swift */; };
		CF6969522B50F722007F55BA /* WKWebViewRepresentable.swift in Sources */ = {isa = PBXBuildFile; fileRef = CF6969512B50F722007F55BA /* WKWebViewRepresentable.swift */; };
		CF6969542B50FAFB007F55BA /* CharacterSayView.swift in Sources */ = {isa = PBXBuildFile; fileRef = CF6969532B50FAFB007F55BA /* CharacterSayView.swift */; };
		CF69695A2B5135BE007F55BA /* .gitignore in Resources */ = {isa = PBXBuildFile; fileRef = CF6969592B5135BE007F55BA /* .gitignore */; };
		CF69695C2B5137A3007F55BA /* GoogleService-Info.plist in Resources */ = {isa = PBXBuildFile; fileRef = CF69695B2B5137A3007F55BA /* GoogleService-Info.plist */; };
		CF78A6E32B35519A00306F6A /* RootView.swift in Sources */ = {isa = PBXBuildFile; fileRef = CF78A6E22B35519A00306F6A /* RootView.swift */; };
		CF78A6E72B3556C700306F6A /* LoginView.swift in Sources */ = {isa = PBXBuildFile; fileRef = CF78A6E62B3556C700306F6A /* LoginView.swift */; };
		CF78A6E92B35613F00306F6A /* RegisterView.swift in Sources */ = {isa = PBXBuildFile; fileRef = CF78A6E82B35613F00306F6A /* RegisterView.swift */; };
		CF78A6EB2B35638F00306F6A /* AuthManager.swift in Sources */ = {isa = PBXBuildFile; fileRef = CF78A6EA2B35638F00306F6A /* AuthManager.swift */; };
		CF78A6F02B35676B00306F6A /* AuthStep.swift in Sources */ = {isa = PBXBuildFile; fileRef = CF78A6EF2B35676B00306F6A /* AuthStep.swift */; };
		CF78A6F22B357D2700306F6A /* Gender.swift in Sources */ = {isa = PBXBuildFile; fileRef = CF78A6F12B357D2700306F6A /* Gender.swift */; };
		CF78A6F52B35809F00306F6A /* GenderSelectionView.swift in Sources */ = {isa = PBXBuildFile; fileRef = CF78A6F42B35809F00306F6A /* GenderSelectionView.swift */; };
		CF78A6F72B3582AF00306F6A /* AuthTextField.swift in Sources */ = {isa = PBXBuildFile; fileRef = CF78A6F62B3582AF00306F6A /* AuthTextField.swift */; };
		CF78A6F92B35871A00306F6A /* AuthTextFieldType.swift in Sources */ = {isa = PBXBuildFile; fileRef = CF78A6F82B35871A00306F6A /* AuthTextFieldType.swift */; };
		CF78A6FD2B358F0200306F6A /* AnswerPrivacyPolicyView.swift in Sources */ = {isa = PBXBuildFile; fileRef = CF78A6FC2B358F0200306F6A /* AnswerPrivacyPolicyView.swift */; };
		CF78A6FF2B35A36600306F6A /* VisualEffectViewRepresentable.swift in Sources */ = {isa = PBXBuildFile; fileRef = CF78A6FE2B35A36600306F6A /* VisualEffectViewRepresentable.swift */; };
		CF78A7012B35C67300306F6A /* ViewState.swift in Sources */ = {isa = PBXBuildFile; fileRef = CF78A7002B35C67300306F6A /* ViewState.swift */; };
		CF7B99C42B492C1300737A76 /* LoginViewModel.swift in Sources */ = {isa = PBXBuildFile; fileRef = CF7B99C32B492C1300737A76 /* LoginViewModel.swift */; };
		CF7F734F2B3E91C9009041ED /* LocationSearchManager.swift in Sources */ = {isa = PBXBuildFile; fileRef = CF7F734E2B3E91C9009041ED /* LocationSearchManager.swift */; };
		CF7F73512B3E92BB009041ED /* LocationSearchResult.swift in Sources */ = {isa = PBXBuildFile; fileRef = CF7F73502B3E92BB009041ED /* LocationSearchResult.swift */; };
		CF7F73532B3E9316009041ED /* LocationSearchResultView.swift in Sources */ = {isa = PBXBuildFile; fileRef = CF7F73522B3E9316009041ED /* LocationSearchResultView.swift */; };
		CF8266902B469B8600D92487 /* EditFavoriteMapView.swift in Sources */ = {isa = PBXBuildFile; fileRef = CF82668F2B469B8600D92487 /* EditFavoriteMapView.swift */; };
		CF8266932B46A9D900D92487 /* EditFavoriteMapViewModel.swift in Sources */ = {isa = PBXBuildFile; fileRef = CF8266922B46A9D900D92487 /* EditFavoriteMapViewModel.swift */; };
		CF8266952B46AC5100D92487 /* FavoriteLocationSearchView.swift in Sources */ = {isa = PBXBuildFile; fileRef = CF8266942B46AC5100D92487 /* FavoriteLocationSearchView.swift */; };
		CF9F41222B451B8A0091A9B8 /* MessageManager.swift in Sources */ = {isa = PBXBuildFile; fileRef = CF9F41212B451B8A0091A9B8 /* MessageManager.swift */; };
		CF9F41292B4524230091A9B8 /* RegisterViewModel.swift in Sources */ = {isa = PBXBuildFile; fileRef = CF9F41282B4524230091A9B8 /* RegisterViewModel.swift */; };
		CFA219852B48015B00FA4228 /* FavoriteButton.swift in Sources */ = {isa = PBXBuildFile; fileRef = CFA219842B48015B00FA4228 /* FavoriteButton.swift */; };
		CFA32E132B369C2A00385847 /* User.swift in Sources */ = {isa = PBXBuildFile; fileRef = CFA32E122B369C2A00385847 /* User.swift */; };
		CFA32E152B36A0BF00385847 /* FirebaseNetworkResult.swift in Sources */ = {isa = PBXBuildFile; fileRef = CFA32E142B36A0BF00385847 /* FirebaseNetworkResult.swift */; };
		CFA32E182B36ABA000385847 /* MenuType.swift in Sources */ = {isa = PBXBuildFile; fileRef = CFA32E172B36ABA000385847 /* MenuType.swift */; };
		CFA32E1D2B36ABD800385847 /* MenuCell.swift in Sources */ = {isa = PBXBuildFile; fileRef = CFA32E1C2B36ABD800385847 /* MenuCell.swift */; };
		CFA32E1F2B36BF3E00385847 /* AppData.swift in Sources */ = {isa = PBXBuildFile; fileRef = CFA32E1E2B36BF3E00385847 /* AppData.swift */; };
		CFA32E232B36D83500385847 /* SplashView.swift in Sources */ = {isa = PBXBuildFile; fileRef = CFA32E222B36D83500385847 /* SplashView.swift */; };
		CFA4DFA32B443BB300A791A7 /* Constant.swift in Sources */ = {isa = PBXBuildFile; fileRef = CFA4DFA22B443BB300A791A7 /* Constant.swift */; };
		CFA4DFA52B443FE500A791A7 /* PushMessage.swift in Sources */ = {isa = PBXBuildFile; fileRef = CFA4DFA42B443FE500A791A7 /* PushMessage.swift */; };
		CFB635002B39833E0029BE3F /* CarPoolGenerateViewModel.swift in Sources */ = {isa = PBXBuildFile; fileRef = CFB634FF2B39833E0029BE3F /* CarPoolGenerateViewModel.swift */; };
		CFB635032B398B230029BE3F /* CarPoolManager.swift in Sources */ = {isa = PBXBuildFile; fileRef = CFB635022B398B230029BE3F /* CarPoolManager.swift */; };
		CFB635052B399A310029BE3F /* CarPool.swift in Sources */ = {isa = PBXBuildFile; fileRef = CFB635042B399A310029BE3F /* CarPool.swift */; };
		CFB635072B399A470029BE3F /* Location.swift in Sources */ = {isa = PBXBuildFile; fileRef = CFB635062B399A470029BE3F /* Location.swift */; };
		CFB635092B39A7FA0029BE3F /* LoadingViewModifier.swift in Sources */ = {isa = PBXBuildFile; fileRef = CFB635082B39A7FA0029BE3F /* LoadingViewModifier.swift */; };
		CFC092012B3AC5B500260E78 /* CarPoolShortcutListView.swift in Sources */ = {isa = PBXBuildFile; fileRef = CFC092002B3AC5B500260E78 /* CarPoolShortcutListView.swift */; };
		CFC092032B3AD77000260E78 /* CarPoolListViewModel.swift in Sources */ = {isa = PBXBuildFile; fileRef = CFC092022B3AD77000260E78 /* CarPoolListViewModel.swift */; };
		CFC101682B515DCB00713112 /* AlertRole.swift in Sources */ = {isa = PBXBuildFile; fileRef = CFC101672B515DCB00713112 /* AlertRole.swift */; };
		CFCAC8A32B5247E80098C898 /* PermissionRequestView.swift in Sources */ = {isa = PBXBuildFile; fileRef = CFCAC8A22B5247E80098C898 /* PermissionRequestView.swift */; };
		CFDB3DF42B33F6AA00C88D77 /* LocationSearchActivationView.swift in Sources */ = {isa = PBXBuildFile; fileRef = CFDB3DF32B33F6AA00C88D77 /* LocationSearchActivationView.swift */; };
		CFDB3DF62B33F98D00C88D77 /* LocationSearchView.swift in Sources */ = {isa = PBXBuildFile; fileRef = CFDB3DF52B33F98D00C88D77 /* LocationSearchView.swift */; };
		CFDB3DFD2B33FC5200C88D77 /* Color.swift in Sources */ = {isa = PBXBuildFile; fileRef = CFDB3DFC2B33FC5200C88D77 /* Color.swift */; };
		CFDB3DFF2B33FF9700C88D77 /* MapViewActionButton.swift in Sources */ = {isa = PBXBuildFile; fileRef = CFDB3DFE2B33FF9700C88D77 /* MapViewActionButton.swift */; };
		CFDB3E012B34048F00C88D77 /* SearchType.swift in Sources */ = {isa = PBXBuildFile; fileRef = CFDB3E002B34048F00C88D77 /* SearchType.swift */; };
		CFDB3E042B3438BA00C88D77 /* CarPoolListView.swift in Sources */ = {isa = PBXBuildFile; fileRef = CFDB3E032B3438BA00C88D77 /* CarPoolListView.swift */; };
		CFDB3E072B3440A900C88D77 /* CarPoolCell.swift in Sources */ = {isa = PBXBuildFile; fileRef = CFDB3E062B3440A900C88D77 /* CarPoolCell.swift */; };
		CFDB3E092B344B1500C88D77 /* MainTabView.swift in Sources */ = {isa = PBXBuildFile; fileRef = CFDB3E082B344B1500C88D77 /* MainTabView.swift */; };
		CFDB3E0B2B344DB100C88D77 /* View.swift in Sources */ = {isa = PBXBuildFile; fileRef = CFDB3E0A2B344DB100C88D77 /* View.swift */; };
		CFDB3E0D2B347A0D00C88D77 /* TabMenuItem.swift in Sources */ = {isa = PBXBuildFile; fileRef = CFDB3E0C2B347A0D00C88D77 /* TabMenuItem.swift */; };
		CFDB3E112B347F2900C88D77 /* MenuView.swift in Sources */ = {isa = PBXBuildFile; fileRef = CFDB3E102B347F2900C88D77 /* MenuView.swift */; };
		CFDB3E132B347F3B00C88D77 /* HistoryView.swift in Sources */ = {isa = PBXBuildFile; fileRef = CFDB3E122B347F3B00C88D77 /* HistoryView.swift */; };
		CFE7A3942B3D4C01007432A0 /* CarPoolShortCutCell.swift in Sources */ = {isa = PBXBuildFile; fileRef = CFE7A3932B3D4C01007432A0 /* CarPoolShortCutCell.swift */; };
		CFE7A3962B3D73C6007432A0 /* ChatLogView.swift in Sources */ = {isa = PBXBuildFile; fileRef = CFE7A3952B3D73C6007432A0 /* ChatLogView.swift */; };
		CFE7A3982B3D75DC007432A0 /* ChatLogViewModel.swift in Sources */ = {isa = PBXBuildFile; fileRef = CFE7A3972B3D75DC007432A0 /* ChatLogViewModel.swift */; };
		CFE7A39A2B3D784A007432A0 /* MessageInputView.swift in Sources */ = {isa = PBXBuildFile; fileRef = CFE7A3992B3D784A007432A0 /* MessageInputView.swift */; };
		CFE7A39C2B3D7BAF007432A0 /* MessageCell.swift in Sources */ = {isa = PBXBuildFile; fileRef = CFE7A39B2B3D7BAF007432A0 /* MessageCell.swift */; };
		CFE7A39E2B3D8394007432A0 /* Message.swift in Sources */ = {isa = PBXBuildFile; fileRef = CFE7A39D2B3D8394007432A0 /* Message.swift */; };
		CFE7A3A02B3D97BE007432A0 /* Date.swift in Sources */ = {isa = PBXBuildFile; fileRef = CFE7A39F2B3D97BE007432A0 /* Date.swift */; };
		CFE7A3A22B3D9B22007432A0 /* WrappedMessage.swift in Sources */ = {isa = PBXBuildFile; fileRef = CFE7A3A12B3D9B22007432A0 /* WrappedMessage.swift */; };
		CFE7A3A62B3DA6A2007432A0 /* ShowCarPoolButton.swift in Sources */ = {isa = PBXBuildFile; fileRef = CFE7A3A52B3DA6A2007432A0 /* ShowCarPoolButton.swift */; };
		CFF8DA272B4BB28B0000C091 /* EmailVerification.swift in Sources */ = {isa = PBXBuildFile; fileRef = CFF8DA262B4BB28B0000C091 /* EmailVerification.swift */; };
		CFF8DA292B4BB2B10000C091 /* NetworkError.swift in Sources */ = {isa = PBXBuildFile; fileRef = CFF8DA282B4BB2B10000C091 /* NetworkError.swift */; };
		CFF8DA2B2B4BB44F0000C091 /* VerificationCodeView.swift in Sources */ = {isa = PBXBuildFile; fileRef = CFF8DA2A2B4BB44F0000C091 /* VerificationCodeView.swift */; };
/* End PBXBuildFile section */

/* Begin PBXFileReference section */
		CF0A631C2B466C0300301A61 /* EditFavoriteView.swift */ = {isa = PBXFileReference; lastKnownFileType = sourcecode.swift; path = EditFavoriteView.swift; sourceTree = "<group>"; };
		CF15E1D42B4FDF0400391054 /* AlertModifier.swift */ = {isa = PBXFileReference; lastKnownFileType = sourcecode.swift; path = AlertModifier.swift; sourceTree = "<group>"; };
		CF1B79D02B32AACC005974B8 /* MapState.swift */ = {isa = PBXFileReference; lastKnownFileType = sourcecode.swift; path = MapState.swift; sourceTree = "<group>"; };
		CF2C06932B467AF500A4E8FF /* RoundedActionButton.swift */ = {isa = PBXFileReference; lastKnownFileType = sourcecode.swift; path = RoundedActionButton.swift; sourceTree = "<group>"; };
		CF32DD382B4538AB00B2F6C0 /* AuthManagerType.swift */ = {isa = PBXFileReference; lastKnownFileType = sourcecode.swift; path = AuthManagerType.swift; sourceTree = "<group>"; };
		CF32DD3A2B4538C700B2F6C0 /* CarPoolManagerType.swift */ = {isa = PBXFileReference; lastKnownFileType = sourcecode.swift; path = CarPoolManagerType.swift; sourceTree = "<group>"; };
		CF32DD3D2B4538FE00B2F6C0 /* LocationSearchManagerType.swift */ = {isa = PBXFileReference; lastKnownFileType = sourcecode.swift; path = LocationSearchManagerType.swift; sourceTree = "<group>"; };
		CF32DD3F2B45391500B2F6C0 /* MessageManagerType.swift */ = {isa = PBXFileReference; lastKnownFileType = sourcecode.swift; path = MessageManagerType.swift; sourceTree = "<group>"; };
		CF3F49972B316A6F009E8A96 /* LymCar.app */ = {isa = PBXFileReference; explicitFileType = wrapper.application; includeInIndex = 0; path = LymCar.app; sourceTree = BUILT_PRODUCTS_DIR; };
		CF3F499A2B316A6F009E8A96 /* LymCarApp.swift */ = {isa = PBXFileReference; lastKnownFileType = sourcecode.swift; path = LymCarApp.swift; sourceTree = "<group>"; };
		CF3F499C2B316A6F009E8A96 /* MapView.swift */ = {isa = PBXFileReference; lastKnownFileType = sourcecode.swift; path = MapView.swift; sourceTree = "<group>"; };
		CF3F499E2B316A70009E8A96 /* Assets.xcassets */ = {isa = PBXFileReference; lastKnownFileType = folder.assetcatalog; path = Assets.xcassets; sourceTree = "<group>"; };
		CF3F49A12B316A70009E8A96 /* Preview Assets.xcassets */ = {isa = PBXFileReference; lastKnownFileType = folder.assetcatalog; path = "Preview Assets.xcassets"; sourceTree = "<group>"; };
		CF3F49E12B316C11009E8A96 /* AppDelegate.swift */ = {isa = PBXFileReference; lastKnownFileType = sourcecode.swift; path = AppDelegate.swift; sourceTree = "<group>"; };
		CF3F49E72B316E87009E8A96 /* MapViewModel.swift */ = {isa = PBXFileReference; lastKnownFileType = sourcecode.swift; path = MapViewModel.swift; sourceTree = "<group>"; };
		CF3F49EE2B31A951009E8A96 /* MapViewRepresentable.swift */ = {isa = PBXFileReference; lastKnownFileType = sourcecode.swift; path = MapViewRepresentable.swift; sourceTree = "<group>"; };
		CF3F49F12B31AA9E009E8A96 /* LocationManager.swift */ = {isa = PBXFileReference; lastKnownFileType = sourcecode.swift; path = LocationManager.swift; sourceTree = "<group>"; };
		CF4953062B3800B0009FD93A /* CarPoolGenerateView.swift */ = {isa = PBXFileReference; lastKnownFileType = sourcecode.swift; path = CarPoolGenerateView.swift; sourceTree = "<group>"; };
		CF4953082B380123009FD93A /* LocationSearchInputView.swift */ = {isa = PBXFileReference; lastKnownFileType = sourcecode.swift; path = LocationSearchInputView.swift; sourceTree = "<group>"; };
		CF49530A2B3805DF009FD93A /* CountView.swift */ = {isa = PBXFileReference; lastKnownFileType = sourcecode.swift; path = CountView.swift; sourceTree = "<group>"; };
		CF49530C2B380816009FD93A /* TimePickerView.swift */ = {isa = PBXFileReference; lastKnownFileType = sourcecode.swift; path = TimePickerView.swift; sourceTree = "<group>"; };
		CF49530E2B381080009FD93A /* OptionView.swift */ = {isa = PBXFileReference; lastKnownFileType = sourcecode.swift; path = OptionView.swift; sourceTree = "<group>"; };
		CF4D9B4D2B47C6FD00231455 /* FavoriteModel.xcdatamodel */ = {isa = PBXFileReference; lastKnownFileType = wrapper.xcdatamodel; path = FavoriteModel.xcdatamodel; sourceTree = "<group>"; };
		CF4D9B522B47CA6000231455 /* Favorite+CoreDataClass.swift */ = {isa = PBXFileReference; lastKnownFileType = sourcecode.swift; path = "Favorite+CoreDataClass.swift"; sourceTree = "<group>"; };
		CF4D9B532B47CA6000231455 /* Favorite+CoreDataProperties.swift */ = {isa = PBXFileReference; lastKnownFileType = sourcecode.swift; path = "Favorite+CoreDataProperties.swift"; sourceTree = "<group>"; };
		CF4D9B562B47CB1400231455 /* PersistenceController.swift */ = {isa = PBXFileReference; lastKnownFileType = sourcecode.swift; path = PersistenceController.swift; sourceTree = "<group>"; };
		CF69694F2B50F64B007F55BA /* WebView.swift */ = {isa = PBXFileReference; lastKnownFileType = sourcecode.swift; path = WebView.swift; sourceTree = "<group>"; };
		CF6969512B50F722007F55BA /* WKWebViewRepresentable.swift */ = {isa = PBXFileReference; lastKnownFileType = sourcecode.swift; path = WKWebViewRepresentable.swift; sourceTree = "<group>"; };
		CF6969532B50FAFB007F55BA /* CharacterSayView.swift */ = {isa = PBXFileReference; lastKnownFileType = sourcecode.swift; path = CharacterSayView.swift; sourceTree = "<group>"; };
		CF6969592B5135BE007F55BA /* .gitignore */ = {isa = PBXFileReference; lastKnownFileType = text; path = .gitignore; sourceTree = "<group>"; };
		CF69695B2B5137A3007F55BA /* GoogleService-Info.plist */ = {isa = PBXFileReference; fileEncoding = 4; lastKnownFileType = text.plist.xml; path = "GoogleService-Info.plist"; sourceTree = "<group>"; };
		CF78A6E22B35519A00306F6A /* RootView.swift */ = {isa = PBXFileReference; lastKnownFileType = sourcecode.swift; path = RootView.swift; sourceTree = "<group>"; };
		CF78A6E62B3556C700306F6A /* LoginView.swift */ = {isa = PBXFileReference; lastKnownFileType = sourcecode.swift; path = LoginView.swift; sourceTree = "<group>"; };
		CF78A6E82B35613F00306F6A /* RegisterView.swift */ = {isa = PBXFileReference; lastKnownFileType = sourcecode.swift; path = RegisterView.swift; sourceTree = "<group>"; };
		CF78A6EA2B35638F00306F6A /* AuthManager.swift */ = {isa = PBXFileReference; lastKnownFileType = sourcecode.swift; path = AuthManager.swift; sourceTree = "<group>"; };
		CF78A6EF2B35676B00306F6A /* AuthStep.swift */ = {isa = PBXFileReference; lastKnownFileType = sourcecode.swift; path = AuthStep.swift; sourceTree = "<group>"; };
		CF78A6F12B357D2700306F6A /* Gender.swift */ = {isa = PBXFileReference; lastKnownFileType = sourcecode.swift; path = Gender.swift; sourceTree = "<group>"; };
		CF78A6F42B35809F00306F6A /* GenderSelectionView.swift */ = {isa = PBXFileReference; lastKnownFileType = sourcecode.swift; path = GenderSelectionView.swift; sourceTree = "<group>"; };
		CF78A6F62B3582AF00306F6A /* AuthTextField.swift */ = {isa = PBXFileReference; lastKnownFileType = sourcecode.swift; path = AuthTextField.swift; sourceTree = "<group>"; };
		CF78A6F82B35871A00306F6A /* AuthTextFieldType.swift */ = {isa = PBXFileReference; lastKnownFileType = sourcecode.swift; path = AuthTextFieldType.swift; sourceTree = "<group>"; };
		CF78A6FC2B358F0200306F6A /* AnswerPrivacyPolicyView.swift */ = {isa = PBXFileReference; lastKnownFileType = sourcecode.swift; path = AnswerPrivacyPolicyView.swift; sourceTree = "<group>"; };
		CF78A6FE2B35A36600306F6A /* VisualEffectViewRepresentable.swift */ = {isa = PBXFileReference; lastKnownFileType = sourcecode.swift; path = VisualEffectViewRepresentable.swift; sourceTree = "<group>"; };
		CF78A7002B35C67300306F6A /* ViewState.swift */ = {isa = PBXFileReference; lastKnownFileType = sourcecode.swift; path = ViewState.swift; sourceTree = "<group>"; };
		CF7B99C32B492C1300737A76 /* LoginViewModel.swift */ = {isa = PBXFileReference; lastKnownFileType = sourcecode.swift; path = LoginViewModel.swift; sourceTree = "<group>"; };
		CF7F734E2B3E91C9009041ED /* LocationSearchManager.swift */ = {isa = PBXFileReference; lastKnownFileType = sourcecode.swift; path = LocationSearchManager.swift; sourceTree = "<group>"; };
		CF7F73502B3E92BB009041ED /* LocationSearchResult.swift */ = {isa = PBXFileReference; lastKnownFileType = sourcecode.swift; path = LocationSearchResult.swift; sourceTree = "<group>"; };
		CF7F73522B3E9316009041ED /* LocationSearchResultView.swift */ = {isa = PBXFileReference; lastKnownFileType = sourcecode.swift; path = LocationSearchResultView.swift; sourceTree = "<group>"; };
		CF82668F2B469B8600D92487 /* EditFavoriteMapView.swift */ = {isa = PBXFileReference; lastKnownFileType = sourcecode.swift; path = EditFavoriteMapView.swift; sourceTree = "<group>"; };
		CF8266922B46A9D900D92487 /* EditFavoriteMapViewModel.swift */ = {isa = PBXFileReference; lastKnownFileType = sourcecode.swift; path = EditFavoriteMapViewModel.swift; sourceTree = "<group>"; };
		CF8266942B46AC5100D92487 /* FavoriteLocationSearchView.swift */ = {isa = PBXFileReference; lastKnownFileType = sourcecode.swift; path = FavoriteLocationSearchView.swift; sourceTree = "<group>"; };
		CF9F41212B451B8A0091A9B8 /* MessageManager.swift */ = {isa = PBXFileReference; lastKnownFileType = sourcecode.swift; path = MessageManager.swift; sourceTree = "<group>"; };
		CF9F41282B4524230091A9B8 /* RegisterViewModel.swift */ = {isa = PBXFileReference; fileEncoding = 4; lastKnownFileType = sourcecode.swift; path = RegisterViewModel.swift; sourceTree = "<group>"; };
		CFA219842B48015B00FA4228 /* FavoriteButton.swift */ = {isa = PBXFileReference; lastKnownFileType = sourcecode.swift; path = FavoriteButton.swift; sourceTree = "<group>"; };
		CFA32E122B369C2A00385847 /* User.swift */ = {isa = PBXFileReference; lastKnownFileType = sourcecode.swift; path = User.swift; sourceTree = "<group>"; };
		CFA32E142B36A0BF00385847 /* FirebaseNetworkResult.swift */ = {isa = PBXFileReference; lastKnownFileType = sourcecode.swift; path = FirebaseNetworkResult.swift; sourceTree = "<group>"; };
		CFA32E172B36ABA000385847 /* MenuType.swift */ = {isa = PBXFileReference; lastKnownFileType = sourcecode.swift; path = MenuType.swift; sourceTree = "<group>"; };
		CFA32E1C2B36ABD800385847 /* MenuCell.swift */ = {isa = PBXFileReference; lastKnownFileType = sourcecode.swift; path = MenuCell.swift; sourceTree = "<group>"; };
		CFA32E1E2B36BF3E00385847 /* AppData.swift */ = {isa = PBXFileReference; lastKnownFileType = sourcecode.swift; path = AppData.swift; sourceTree = "<group>"; };
		CFA32E222B36D83500385847 /* SplashView.swift */ = {isa = PBXFileReference; lastKnownFileType = sourcecode.swift; path = SplashView.swift; sourceTree = "<group>"; };
		CFA4DFA02B441AF000A791A7 /* LymCar.entitlements */ = {isa = PBXFileReference; lastKnownFileType = text.plist.entitlements; path = LymCar.entitlements; sourceTree = "<group>"; };
		CFA4DFA22B443BB300A791A7 /* Constant.swift */ = {isa = PBXFileReference; lastKnownFileType = sourcecode.swift; path = Constant.swift; sourceTree = "<group>"; };
		CFA4DFA42B443FE500A791A7 /* PushMessage.swift */ = {isa = PBXFileReference; lastKnownFileType = sourcecode.swift; path = PushMessage.swift; sourceTree = "<group>"; };
		CFB634FF2B39833E0029BE3F /* CarPoolGenerateViewModel.swift */ = {isa = PBXFileReference; lastKnownFileType = sourcecode.swift; path = CarPoolGenerateViewModel.swift; sourceTree = "<group>"; };
		CFB635022B398B230029BE3F /* CarPoolManager.swift */ = {isa = PBXFileReference; lastKnownFileType = sourcecode.swift; path = CarPoolManager.swift; sourceTree = "<group>"; };
		CFB635042B399A310029BE3F /* CarPool.swift */ = {isa = PBXFileReference; lastKnownFileType = sourcecode.swift; path = CarPool.swift; sourceTree = "<group>"; };
		CFB635062B399A470029BE3F /* Location.swift */ = {isa = PBXFileReference; lastKnownFileType = sourcecode.swift; path = Location.swift; sourceTree = "<group>"; };
		CFB635082B39A7FA0029BE3F /* LoadingViewModifier.swift */ = {isa = PBXFileReference; lastKnownFileType = sourcecode.swift; path = LoadingViewModifier.swift; sourceTree = "<group>"; };
		CFC092002B3AC5B500260E78 /* CarPoolShortcutListView.swift */ = {isa = PBXFileReference; lastKnownFileType = sourcecode.swift; path = CarPoolShortcutListView.swift; sourceTree = "<group>"; };
		CFC092022B3AD77000260E78 /* CarPoolListViewModel.swift */ = {isa = PBXFileReference; lastKnownFileType = sourcecode.swift; path = CarPoolListViewModel.swift; sourceTree = "<group>"; };
		CFC101672B515DCB00713112 /* AlertRole.swift */ = {isa = PBXFileReference; lastKnownFileType = sourcecode.swift; path = AlertRole.swift; sourceTree = "<group>"; };
		CFCA6B252B5169CD00181BB9 /* Info.plist */ = {isa = PBXFileReference; lastKnownFileType = text.plist; path = Info.plist; sourceTree = "<group>"; };
		CFCAC8A22B5247E80098C898 /* PermissionRequestView.swift */ = {isa = PBXFileReference; lastKnownFileType = sourcecode.swift; path = PermissionRequestView.swift; sourceTree = "<group>"; };
		CFDB3DF32B33F6AA00C88D77 /* LocationSearchActivationView.swift */ = {isa = PBXFileReference; lastKnownFileType = sourcecode.swift; path = LocationSearchActivationView.swift; sourceTree = "<group>"; };
		CFDB3DF52B33F98D00C88D77 /* LocationSearchView.swift */ = {isa = PBXFileReference; lastKnownFileType = sourcecode.swift; path = LocationSearchView.swift; sourceTree = "<group>"; };
		CFDB3DFC2B33FC5200C88D77 /* Color.swift */ = {isa = PBXFileReference; lastKnownFileType = sourcecode.swift; path = Color.swift; sourceTree = "<group>"; };
		CFDB3DFE2B33FF9700C88D77 /* MapViewActionButton.swift */ = {isa = PBXFileReference; lastKnownFileType = sourcecode.swift; path = MapViewActionButton.swift; sourceTree = "<group>"; };
		CFDB3E002B34048F00C88D77 /* SearchType.swift */ = {isa = PBXFileReference; lastKnownFileType = sourcecode.swift; path = SearchType.swift; sourceTree = "<group>"; };
		CFDB3E032B3438BA00C88D77 /* CarPoolListView.swift */ = {isa = PBXFileReference; lastKnownFileType = sourcecode.swift; path = CarPoolListView.swift; sourceTree = "<group>"; };
		CFDB3E062B3440A900C88D77 /* CarPoolCell.swift */ = {isa = PBXFileReference; lastKnownFileType = sourcecode.swift; path = CarPoolCell.swift; sourceTree = "<group>"; };
		CFDB3E082B344B1500C88D77 /* MainTabView.swift */ = {isa = PBXFileReference; lastKnownFileType = sourcecode.swift; path = MainTabView.swift; sourceTree = "<group>"; };
		CFDB3E0A2B344DB100C88D77 /* View.swift */ = {isa = PBXFileReference; lastKnownFileType = sourcecode.swift; path = View.swift; sourceTree = "<group>"; };
		CFDB3E0C2B347A0D00C88D77 /* TabMenuItem.swift */ = {isa = PBXFileReference; lastKnownFileType = sourcecode.swift; path = TabMenuItem.swift; sourceTree = "<group>"; };
		CFDB3E102B347F2900C88D77 /* MenuView.swift */ = {isa = PBXFileReference; lastKnownFileType = sourcecode.swift; path = MenuView.swift; sourceTree = "<group>"; };
		CFDB3E122B347F3B00C88D77 /* HistoryView.swift */ = {isa = PBXFileReference; lastKnownFileType = sourcecode.swift; path = HistoryView.swift; sourceTree = "<group>"; };
		CFE7A3932B3D4C01007432A0 /* CarPoolShortCutCell.swift */ = {isa = PBXFileReference; lastKnownFileType = sourcecode.swift; path = CarPoolShortCutCell.swift; sourceTree = "<group>"; };
		CFE7A3952B3D73C6007432A0 /* ChatLogView.swift */ = {isa = PBXFileReference; lastKnownFileType = sourcecode.swift; path = ChatLogView.swift; sourceTree = "<group>"; };
		CFE7A3972B3D75DC007432A0 /* ChatLogViewModel.swift */ = {isa = PBXFileReference; lastKnownFileType = sourcecode.swift; path = ChatLogViewModel.swift; sourceTree = "<group>"; };
		CFE7A3992B3D784A007432A0 /* MessageInputView.swift */ = {isa = PBXFileReference; lastKnownFileType = sourcecode.swift; path = MessageInputView.swift; sourceTree = "<group>"; };
		CFE7A39B2B3D7BAF007432A0 /* MessageCell.swift */ = {isa = PBXFileReference; lastKnownFileType = sourcecode.swift; path = MessageCell.swift; sourceTree = "<group>"; };
		CFE7A39D2B3D8394007432A0 /* Message.swift */ = {isa = PBXFileReference; lastKnownFileType = sourcecode.swift; path = Message.swift; sourceTree = "<group>"; };
		CFE7A39F2B3D97BE007432A0 /* Date.swift */ = {isa = PBXFileReference; lastKnownFileType = sourcecode.swift; path = Date.swift; sourceTree = "<group>"; };
		CFE7A3A12B3D9B22007432A0 /* WrappedMessage.swift */ = {isa = PBXFileReference; lastKnownFileType = sourcecode.swift; path = WrappedMessage.swift; sourceTree = "<group>"; };
		CFE7A3A52B3DA6A2007432A0 /* ShowCarPoolButton.swift */ = {isa = PBXFileReference; lastKnownFileType = sourcecode.swift; path = ShowCarPoolButton.swift; sourceTree = "<group>"; };
		CFF8DA262B4BB28B0000C091 /* EmailVerification.swift */ = {isa = PBXFileReference; lastKnownFileType = sourcecode.swift; path = EmailVerification.swift; sourceTree = "<group>"; };
		CFF8DA282B4BB2B10000C091 /* NetworkError.swift */ = {isa = PBXFileReference; lastKnownFileType = sourcecode.swift; path = NetworkError.swift; sourceTree = "<group>"; };
		CFF8DA2A2B4BB44F0000C091 /* VerificationCodeView.swift */ = {isa = PBXFileReference; lastKnownFileType = sourcecode.swift; path = VerificationCodeView.swift; sourceTree = "<group>"; };
/* End PBXFileReference section */

/* Begin PBXFrameworksBuildPhase section */
		CF3F49942B316A6F009E8A96 /* Frameworks */ = {
			isa = PBXFrameworksBuildPhase;
			buildActionMask = 2147483647;
			files = (
				CF3F49BE2B316BB0009E8A96 /* FirebaseDatabase in Frameworks */,
				CF3F49CC2B316BB0009E8A96 /* FirebaseFunctionsCombine-Community in Frameworks */,
				CF3F49C42B316BB0009E8A96 /* FirebaseFirestore in Frameworks */,
				CF3F49B02B316BB0009E8A96 /* FirebaseAnalyticsSwift in Frameworks */,
				CF3F49AC2B316BB0009E8A96 /* FirebaseAnalytics in Frameworks */,
				CF3F49AE2B316BB0009E8A96 /* FirebaseAnalyticsOnDeviceConversion in Frameworks */,
				CF3F49D42B316BB0009E8A96 /* FirebaseMLModelDownloader in Frameworks */,
				CF3F49C82B316BB0009E8A96 /* FirebaseFirestoreSwift in Frameworks */,
				CF3F49B42B316BB0009E8A96 /* FirebaseAppCheck in Frameworks */,
				CF3F49B22B316BB0009E8A96 /* FirebaseAnalyticsWithoutAdIdSupport in Frameworks */,
				CF3F49B82B316BB0009E8A96 /* FirebaseAuth in Frameworks */,
				CF3F49BC2B316BB0009E8A96 /* FirebaseCrashlytics in Frameworks */,
				CF3F49DC2B316BB0009E8A96 /* FirebaseRemoteConfigSwift in Frameworks */,
				CF3F49CE2B316BB0009E8A96 /* FirebaseInAppMessaging-Beta in Frameworks */,
				CF3F49C02B316BB0009E8A96 /* FirebaseDatabaseSwift in Frameworks */,
				CF3F49CA2B316BB0009E8A96 /* FirebaseFunctions in Frameworks */,
				CF3F49E02B316BB0009E8A96 /* FirebaseStorageCombine-Community in Frameworks */,
				CF3F49DA2B316BB0009E8A96 /* FirebaseRemoteConfig in Frameworks */,
				CF3F49B62B316BB0009E8A96 /* FirebaseAppDistribution-Beta in Frameworks */,
				CF3F49BA2B316BB0009E8A96 /* FirebaseAuthCombine-Community in Frameworks */,
				CF3F49D82B316BB0009E8A96 /* FirebasePerformance in Frameworks */,
				CF3F49D02B316BB0009E8A96 /* FirebaseInAppMessagingSwift-Beta in Frameworks */,
				CF3F49DE2B316BB0009E8A96 /* FirebaseStorage in Frameworks */,
				CF3F49C22B316BB0009E8A96 /* FirebaseDynamicLinks in Frameworks */,
				CF3F49C62B316BB0009E8A96 /* FirebaseFirestoreCombine-Community in Frameworks */,
				CF3F49D62B316BB0009E8A96 /* FirebaseMessaging in Frameworks */,
				CF3F49D22B316BB0009E8A96 /* FirebaseInstallations in Frameworks */,
			);
			runOnlyForDeploymentPostprocessing = 0;
		};
/* End PBXFrameworksBuildPhase section */

/* Begin PBXGroup section */
		CF2C06952B467D3A00A4E8FF /* Component */ = {
			isa = PBXGroup;
			children = (
				CFDB3E082B344B1500C88D77 /* MainTabView.swift */,
				CFA32E222B36D83500385847 /* SplashView.swift */,
				CF2C06932B467AF500A4E8FF /* RoundedActionButton.swift */,
				CF15E1D42B4FDF0400391054 /* AlertModifier.swift */,
				CF6969532B50FAFB007F55BA /* CharacterSayView.swift */,
			);
			path = Component;
			sourceTree = "<group>";
		};
		CF32DD3C2B4538CE00B2F6C0 /* Protocol */ = {
			isa = PBXGroup;
			children = (
				CF32DD382B4538AB00B2F6C0 /* AuthManagerType.swift */,
				CF32DD3A2B4538C700B2F6C0 /* CarPoolManagerType.swift */,
				CF32DD3D2B4538FE00B2F6C0 /* LocationSearchManagerType.swift */,
				CF32DD3F2B45391500B2F6C0 /* MessageManagerType.swift */,
			);
			path = Protocol;
			sourceTree = "<group>";
		};
		CF3F498E2B316A6F009E8A96 = {
			isa = PBXGroup;
			children = (
				CF6969592B5135BE007F55BA /* .gitignore */,
				CF3F49992B316A6F009E8A96 /* LymCar */,
				CF3F49982B316A6F009E8A96 /* Products */,
			);
			sourceTree = "<group>";
		};
		CF3F49982B316A6F009E8A96 /* Products */ = {
			isa = PBXGroup;
			children = (
				CF3F49972B316A6F009E8A96 /* LymCar.app */,
			);
			name = Products;
			sourceTree = "<group>";
		};
		CF3F49992B316A6F009E8A96 /* LymCar */ = {
			isa = PBXGroup;
			children = (
				CFCA6B252B5169CD00181BB9 /* Info.plist */,
				CFA4DFA02B441AF000A791A7 /* LymCar.entitlements */,
				CF3F49E42B316E24009E8A96 /* App */,
				CFA4DFA12B443BAB00A791A7 /* Utils */,
				CF3F49F02B31AA97009E8A96 /* Manager */,
				CF3F49E62B316E76009E8A96 /* Model */,
				CF9F41242B4522CA0091A9B8 /* Views */,
				CF9F41252B4522D70091A9B8 /* ViewModels */,
				CF3F49A02B316A70009E8A96 /* Preview Content */,
				CF3F499E2B316A70009E8A96 /* Assets.xcassets */,
				CF69695B2B5137A3007F55BA /* GoogleService-Info.plist */,
			);
			path = LymCar;
			sourceTree = "<group>";
		};
		CF3F49A02B316A70009E8A96 /* Preview Content */ = {
			isa = PBXGroup;
			children = (
				CF3F49A12B316A70009E8A96 /* Preview Assets.xcassets */,
			);
			path = "Preview Content";
			sourceTree = "<group>";
		};
		CF3F49E42B316E24009E8A96 /* App */ = {
			isa = PBXGroup;
			children = (
				CFA32E1E2B36BF3E00385847 /* AppData.swift */,
				CF3F49E12B316C11009E8A96 /* AppDelegate.swift */,
				CF3F499A2B316A6F009E8A96 /* LymCarApp.swift */,
			);
			path = App;
			sourceTree = "<group>";
		};
		CF3F49E62B316E76009E8A96 /* Model */ = {
			isa = PBXGroup;
			children = (
				CF4D9B4F2B47C71600231455 /* CoreData */,
				CF9F41232B4522AB0091A9B8 /* DTO */,
				CF1B79D02B32AACC005974B8 /* MapState.swift */,
				CFDB3E002B34048F00C88D77 /* SearchType.swift */,
				CFDB3E0C2B347A0D00C88D77 /* TabMenuItem.swift */,
				CF78A6EF2B35676B00306F6A /* AuthStep.swift */,
				CF78A6F12B357D2700306F6A /* Gender.swift */,
				CF78A6F82B35871A00306F6A /* AuthTextFieldType.swift */,
				CF78A7002B35C67300306F6A /* ViewState.swift */,
				CFA32E142B36A0BF00385847 /* FirebaseNetworkResult.swift */,
				CFA32E172B36ABA000385847 /* MenuType.swift */,
				CFE7A3A12B3D9B22007432A0 /* WrappedMessage.swift */,
				CF7F73502B3E92BB009041ED /* LocationSearchResult.swift */,
				CFF8DA282B4BB2B10000C091 /* NetworkError.swift */,
				CFC101672B515DCB00713112 /* AlertRole.swift */,
			);
			path = Model;
			sourceTree = "<group>";
		};
		CF3F49F02B31AA97009E8A96 /* Manager */ = {
			isa = PBXGroup;
			children = (
				CF3F49F12B31AA9E009E8A96 /* LocationManager.swift */,
				CF78A6EA2B35638F00306F6A /* AuthManager.swift */,
				CFB635022B398B230029BE3F /* CarPoolManager.swift */,
				CF7F734E2B3E91C9009041ED /* LocationSearchManager.swift */,
				CF9F41212B451B8A0091A9B8 /* MessageManager.swift */,
				CF32DD3C2B4538CE00B2F6C0 /* Protocol */,
			);
			path = Manager;
			sourceTree = "<group>";
		};
		CF4D9B4F2B47C71600231455 /* CoreData */ = {
			isa = PBXGroup;
			children = (
				CF4D9B4C2B47C6FD00231455 /* FavoriteModel.xcdatamodeld */,
				CF4D9B522B47CA6000231455 /* Favorite+CoreDataClass.swift */,
				CF4D9B532B47CA6000231455 /* Favorite+CoreDataProperties.swift */,
				CF4D9B562B47CB1400231455 /* PersistenceController.swift */,
			);
			path = CoreData;
			sourceTree = "<group>";
		};
		CF78A6E42B3556B400306F6A /* Auth */ = {
			isa = PBXGroup;
			children = (
				CF78A6E62B3556C700306F6A /* LoginView.swift */,
				CF78A6E82B35613F00306F6A /* RegisterView.swift */,
				CF69694F2B50F64B007F55BA /* WebView.swift */,
				CF9F41352B45264F0091A9B8 /* Component */,
			);
			path = Auth;
			sourceTree = "<group>";
		};
		CF8266912B46A9CD00D92487 /* Menu */ = {
			isa = PBXGroup;
			children = (
				CF8266922B46A9D900D92487 /* EditFavoriteMapViewModel.swift */,
			);
			path = Menu;
			sourceTree = "<group>";
		};
		CF9F41232B4522AB0091A9B8 /* DTO */ = {
			isa = PBXGroup;
			children = (
				CFA32E122B369C2A00385847 /* User.swift */,
				CFB635042B399A310029BE3F /* CarPool.swift */,
				CFB635062B399A470029BE3F /* Location.swift */,
				CFE7A39D2B3D8394007432A0 /* Message.swift */,
				CFA4DFA42B443FE500A791A7 /* PushMessage.swift */,
				CFF8DA262B4BB28B0000C091 /* EmailVerification.swift */,
			);
			path = DTO;
			sourceTree = "<group>";
		};
		CF9F41242B4522CA0091A9B8 /* Views */ = {
			isa = PBXGroup;
			children = (
				CFCAC8A12B5247D10098C898 /* Permission */,
				CF9F412C2B4524D80091A9B8 /* Root */,
				CFDB3E0F2B347F2100C88D77 /* Menu */,
				CF78A6E42B3556B400306F6A /* Auth */,
				CFDB3E0E2B347F1D00C88D77 /* History */,
				CFDB3E022B3438A000C88D77 /* CarPool */,
				CFDB3DF72B33FA5700C88D77 /* Map */,
				CFDB3DF92B33FA6B00C88D77 /* LocationSearch */,
				CF9F412B2B4524C80091A9B8 /* Loading */,
			);
			path = Views;
			sourceTree = "<group>";
		};
		CF9F41252B4522D70091A9B8 /* ViewModels */ = {
			isa = PBXGroup;
			children = (
				CF8266912B46A9CD00D92487 /* Menu */,
				CF9F412A2B45243E0091A9B8 /* Auth */,
				CF9F41272B45236E0091A9B8 /* Map */,
				CF9F41262B4523550091A9B8 /* CarPool */,
			);
			path = ViewModels;
			sourceTree = "<group>";
		};
		CF9F41262B4523550091A9B8 /* CarPool */ = {
			isa = PBXGroup;
			children = (
				CFB634FF2B39833E0029BE3F /* CarPoolGenerateViewModel.swift */,
				CFC092022B3AD77000260E78 /* CarPoolListViewModel.swift */,
				CFE7A3972B3D75DC007432A0 /* ChatLogViewModel.swift */,
			);
			path = CarPool;
			sourceTree = "<group>";
		};
		CF9F41272B45236E0091A9B8 /* Map */ = {
			isa = PBXGroup;
			children = (
				CF3F49E72B316E87009E8A96 /* MapViewModel.swift */,
			);
			path = Map;
			sourceTree = "<group>";
		};
		CF9F412A2B45243E0091A9B8 /* Auth */ = {
			isa = PBXGroup;
			children = (
				CF9F41282B4524230091A9B8 /* RegisterViewModel.swift */,
				CF7B99C32B492C1300737A76 /* LoginViewModel.swift */,
			);
			path = Auth;
			sourceTree = "<group>";
		};
		CF9F412B2B4524C80091A9B8 /* Loading */ = {
			isa = PBXGroup;
			children = (
				CF78A6FE2B35A36600306F6A /* VisualEffectViewRepresentable.swift */,
				CFB635082B39A7FA0029BE3F /* LoadingViewModifier.swift */,
			);
			path = Loading;
			sourceTree = "<group>";
		};
		CF9F412C2B4524D80091A9B8 /* Root */ = {
			isa = PBXGroup;
			children = (
				CF78A6E22B35519A00306F6A /* RootView.swift */,
				CF2C06952B467D3A00A4E8FF /* Component */,
			);
			path = Root;
			sourceTree = "<group>";
		};
		CF9F412D2B4525010091A9B8 /* Component */ = {
			isa = PBXGroup;
			children = (
				CFDB3DF32B33F6AA00C88D77 /* LocationSearchActivationView.swift */,
				CF4953082B380123009FD93A /* LocationSearchInputView.swift */,
			);
			path = Component;
			sourceTree = "<group>";
		};
		CF9F412E2B45250C0091A9B8 /* Component */ = {
			isa = PBXGroup;
			children = (
				CFE7A3932B3D4C01007432A0 /* CarPoolShortCutCell.swift */,
				CFC092002B3AC5B500260E78 /* CarPoolShortcutListView.swift */,
				CFDB3DFE2B33FF9700C88D77 /* MapViewActionButton.swift */,
				CF3F49EE2B31A951009E8A96 /* MapViewRepresentable.swift */,
				CFE7A3A52B3DA6A2007432A0 /* ShowCarPoolButton.swift */,
				CFA219842B48015B00FA4228 /* FavoriteButton.swift */,
			);
			path = Component;
			sourceTree = "<group>";
		};
		CF9F41302B4525660091A9B8 /* Generate */ = {
			isa = PBXGroup;
			children = (
				CF4953062B3800B0009FD93A /* CarPoolGenerateView.swift */,
				CF7F73522B3E9316009041ED /* LocationSearchResultView.swift */,
				CF9F41312B45257C0091A9B8 /* Component */,
			);
			path = Generate;
			sourceTree = "<group>";
		};
		CF9F41312B45257C0091A9B8 /* Component */ = {
			isa = PBXGroup;
			children = (
				CF49530A2B3805DF009FD93A /* CountView.swift */,
				CF49530E2B381080009FD93A /* OptionView.swift */,
				CF49530C2B380816009FD93A /* TimePickerView.swift */,
			);
			path = Component;
			sourceTree = "<group>";
		};
		CF9F41322B4525EE0091A9B8 /* ChatLog */ = {
			isa = PBXGroup;
			children = (
				CFE7A3952B3D73C6007432A0 /* ChatLogView.swift */,
				CF9F41332B4525F90091A9B8 /* Component */,
			);
			path = ChatLog;
			sourceTree = "<group>";
		};
		CF9F41332B4525F90091A9B8 /* Component */ = {
			isa = PBXGroup;
			children = (
				CFE7A39B2B3D7BAF007432A0 /* MessageCell.swift */,
				CFE7A3992B3D784A007432A0 /* MessageInputView.swift */,
			);
			path = Component;
			sourceTree = "<group>";
		};
		CF9F41342B45260A0091A9B8 /* List */ = {
			isa = PBXGroup;
			children = (
				CFDB3E032B3438BA00C88D77 /* CarPoolListView.swift */,
				CFDB3E062B3440A900C88D77 /* CarPoolCell.swift */,
			);
			path = List;
			sourceTree = "<group>";
		};
		CF9F41352B45264F0091A9B8 /* Component */ = {
			isa = PBXGroup;
			children = (
				CF78A6FC2B358F0200306F6A /* AnswerPrivacyPolicyView.swift */,
				CF78A6F62B3582AF00306F6A /* AuthTextField.swift */,
				CF78A6F42B35809F00306F6A /* GenderSelectionView.swift */,
				CFF8DA2A2B4BB44F0000C091 /* VerificationCodeView.swift */,
				CF6969512B50F722007F55BA /* WKWebViewRepresentable.swift */,
			);
			path = Component;
			sourceTree = "<group>";
		};
		CFA4DFA12B443BAB00A791A7 /* Utils */ = {
			isa = PBXGroup;
			children = (
				CFDB3DFB2B33FC4B00C88D77 /* Extensions */,
				CFA4DFA22B443BB300A791A7 /* Constant.swift */,
			);
			path = Utils;
			sourceTree = "<group>";
		};
		CFCAC8A12B5247D10098C898 /* Permission */ = {
			isa = PBXGroup;
			children = (
				CFCAC8A22B5247E80098C898 /* PermissionRequestView.swift */,
			);
			path = Permission;
			sourceTree = "<group>";
		};
		CFDB3DF72B33FA5700C88D77 /* Map */ = {
			isa = PBXGroup;
			children = (
				CF3F499C2B316A6F009E8A96 /* MapView.swift */,
				CF9F412E2B45250C0091A9B8 /* Component */,
			);
			path = Map;
			sourceTree = "<group>";
		};
		CFDB3DF92B33FA6B00C88D77 /* LocationSearch */ = {
			isa = PBXGroup;
			children = (
				CFDB3DF52B33F98D00C88D77 /* LocationSearchView.swift */,
				CF9F412D2B4525010091A9B8 /* Component */,
			);
			path = LocationSearch;
			sourceTree = "<group>";
		};
		CFDB3DFB2B33FC4B00C88D77 /* Extensions */ = {
			isa = PBXGroup;
			children = (
				CFDB3DFC2B33FC5200C88D77 /* Color.swift */,
				CFDB3E0A2B344DB100C88D77 /* View.swift */,
				CFE7A39F2B3D97BE007432A0 /* Date.swift */,
			);
			path = Extensions;
			sourceTree = "<group>";
		};
		CFDB3E022B3438A000C88D77 /* CarPool */ = {
			isa = PBXGroup;
			children = (
				CF9F41322B4525EE0091A9B8 /* ChatLog */,
				CF9F41302B4525660091A9B8 /* Generate */,
				CF9F41342B45260A0091A9B8 /* List */,
			);
			path = CarPool;
			sourceTree = "<group>";
		};
		CFDB3E0E2B347F1D00C88D77 /* History */ = {
			isa = PBXGroup;
			children = (
				CFDB3E122B347F3B00C88D77 /* HistoryView.swift */,
			);
			path = History;
			sourceTree = "<group>";
		};
		CFDB3E0F2B347F2100C88D77 /* Menu */ = {
			isa = PBXGroup;
			children = (
				CF82668F2B469B8600D92487 /* EditFavoriteMapView.swift */,
				CF0A631C2B466C0300301A61 /* EditFavoriteView.swift */,
				CF8266942B46AC5100D92487 /* FavoriteLocationSearchView.swift */,
				CFA32E1C2B36ABD800385847 /* MenuCell.swift */,
				CFDB3E102B347F2900C88D77 /* MenuView.swift */,
			);
			path = Menu;
			sourceTree = "<group>";
		};
/* End PBXGroup section */

/* Begin PBXNativeTarget section */
		CF3F49962B316A6F009E8A96 /* LymCar */ = {
			isa = PBXNativeTarget;
			buildConfigurationList = CF3F49A52B316A70009E8A96 /* Build configuration list for PBXNativeTarget "LymCar" */;
			buildPhases = (
				CF3F49932B316A6F009E8A96 /* Sources */,
				CF3F49942B316A6F009E8A96 /* Frameworks */,
				CF3F49952B316A6F009E8A96 /* Resources */,
			);
			buildRules = (
			);
			dependencies = (
			);
			name = LymCar;
			packageProductDependencies = (
				CF3F49AB2B316BB0009E8A96 /* FirebaseAnalytics */,
				CF3F49AD2B316BB0009E8A96 /* FirebaseAnalyticsOnDeviceConversion */,
				CF3F49AF2B316BB0009E8A96 /* FirebaseAnalyticsSwift */,
				CF3F49B12B316BB0009E8A96 /* FirebaseAnalyticsWithoutAdIdSupport */,
				CF3F49B32B316BB0009E8A96 /* FirebaseAppCheck */,
				CF3F49B52B316BB0009E8A96 /* FirebaseAppDistribution-Beta */,
				CF3F49B72B316BB0009E8A96 /* FirebaseAuth */,
				CF3F49B92B316BB0009E8A96 /* FirebaseAuthCombine-Community */,
				CF3F49BB2B316BB0009E8A96 /* FirebaseCrashlytics */,
				CF3F49BD2B316BB0009E8A96 /* FirebaseDatabase */,
				CF3F49BF2B316BB0009E8A96 /* FirebaseDatabaseSwift */,
				CF3F49C12B316BB0009E8A96 /* FirebaseDynamicLinks */,
				CF3F49C32B316BB0009E8A96 /* FirebaseFirestore */,
				CF3F49C52B316BB0009E8A96 /* FirebaseFirestoreCombine-Community */,
				CF3F49C72B316BB0009E8A96 /* FirebaseFirestoreSwift */,
				CF3F49C92B316BB0009E8A96 /* FirebaseFunctions */,
				CF3F49CB2B316BB0009E8A96 /* FirebaseFunctionsCombine-Community */,
				CF3F49CD2B316BB0009E8A96 /* FirebaseInAppMessaging-Beta */,
				CF3F49CF2B316BB0009E8A96 /* FirebaseInAppMessagingSwift-Beta */,
				CF3F49D12B316BB0009E8A96 /* FirebaseInstallations */,
				CF3F49D32B316BB0009E8A96 /* FirebaseMLModelDownloader */,
				CF3F49D52B316BB0009E8A96 /* FirebaseMessaging */,
				CF3F49D72B316BB0009E8A96 /* FirebasePerformance */,
				CF3F49D92B316BB0009E8A96 /* FirebaseRemoteConfig */,
				CF3F49DB2B316BB0009E8A96 /* FirebaseRemoteConfigSwift */,
				CF3F49DD2B316BB0009E8A96 /* FirebaseStorage */,
				CF3F49DF2B316BB0009E8A96 /* FirebaseStorageCombine-Community */,
			);
			productName = LymCar;
			productReference = CF3F49972B316A6F009E8A96 /* LymCar.app */;
			productType = "com.apple.product-type.application";
		};
/* End PBXNativeTarget section */

/* Begin PBXProject section */
		CF3F498F2B316A6F009E8A96 /* Project object */ = {
			isa = PBXProject;
			attributes = {
				BuildIndependentTargetsInParallel = 1;
				LastSwiftUpdateCheck = 1500;
				LastUpgradeCheck = 1500;
				TargetAttributes = {
					CF3F49962B316A6F009E8A96 = {
						CreatedOnToolsVersion = 15.0.1;
					};
				};
			};
			buildConfigurationList = CF3F49922B316A6F009E8A96 /* Build configuration list for PBXProject "LymCar" */;
			compatibilityVersion = "Xcode 14.0";
			developmentRegion = en;
			hasScannedForEncodings = 0;
			knownRegions = (
				en,
				Base,
			);
			mainGroup = CF3F498E2B316A6F009E8A96;
			packageReferences = (
				CF3F49AA2B316BB0009E8A96 /* XCRemoteSwiftPackageReference "firebase-ios-sdk" */,
			);
			productRefGroup = CF3F49982B316A6F009E8A96 /* Products */;
			projectDirPath = "";
			projectRoot = "";
			targets = (
				CF3F49962B316A6F009E8A96 /* LymCar */,
			);
		};
/* End PBXProject section */

/* Begin PBXResourcesBuildPhase section */
		CF3F49952B316A6F009E8A96 /* Resources */ = {
			isa = PBXResourcesBuildPhase;
			buildActionMask = 2147483647;
			files = (
				CF69695A2B5135BE007F55BA /* .gitignore in Resources */,
				CF69695C2B5137A3007F55BA /* GoogleService-Info.plist in Resources */,
				CF3F49A22B316A70009E8A96 /* Preview Assets.xcassets in Resources */,
				CF3F499F2B316A70009E8A96 /* Assets.xcassets in Resources */,
			);
			runOnlyForDeploymentPostprocessing = 0;
		};
/* End PBXResourcesBuildPhase section */

/* Begin PBXSourcesBuildPhase section */
		CF3F49932B316A6F009E8A96 /* Sources */ = {
			isa = PBXSourcesBuildPhase;
			buildActionMask = 2147483647;
			files = (
				CF4953092B380123009FD93A /* LocationSearchInputView.swift in Sources */,
				CF7F73512B3E92BB009041ED /* LocationSearchResult.swift in Sources */,
				CF32DD392B4538AB00B2F6C0 /* AuthManagerType.swift in Sources */,
				CFE7A3982B3D75DC007432A0 /* ChatLogViewModel.swift in Sources */,
				CFA32E182B36ABA000385847 /* MenuType.swift in Sources */,
				CF4D9B552B47CA6000231455 /* Favorite+CoreDataProperties.swift in Sources */,
				CF1B79D12B32AACC005974B8 /* MapState.swift in Sources */,
				CFA32E152B36A0BF00385847 /* FirebaseNetworkResult.swift in Sources */,
				CFE7A3A02B3D97BE007432A0 /* Date.swift in Sources */,
				CF78A6EB2B35638F00306F6A /* AuthManager.swift in Sources */,
				CF32DD3E2B4538FE00B2F6C0 /* LocationSearchManagerType.swift in Sources */,
				CFF8DA272B4BB28B0000C091 /* EmailVerification.swift in Sources */,
				CFA32E1F2B36BF3E00385847 /* AppData.swift in Sources */,
				CFB635002B39833E0029BE3F /* CarPoolGenerateViewModel.swift in Sources */,
				CF3F49E22B316C11009E8A96 /* AppDelegate.swift in Sources */,
				CFB635052B399A310029BE3F /* CarPool.swift in Sources */,
				CFE7A3A62B3DA6A2007432A0 /* ShowCarPoolButton.swift in Sources */,
				CF3F49EF2B31A951009E8A96 /* MapViewRepresentable.swift in Sources */,
				CF8266902B469B8600D92487 /* EditFavoriteMapView.swift in Sources */,
				CFB635092B39A7FA0029BE3F /* LoadingViewModifier.swift in Sources */,
				CFC101682B515DCB00713112 /* AlertRole.swift in Sources */,
				CF49530B2B3805DF009FD93A /* CountView.swift in Sources */,
				CFDB3DFD2B33FC5200C88D77 /* Color.swift in Sources */,
				CFC092032B3AD77000260E78 /* CarPoolListViewModel.swift in Sources */,
				CF78A6E32B35519A00306F6A /* RootView.swift in Sources */,
				CF32DD3B2B4538C700B2F6C0 /* CarPoolManagerType.swift in Sources */,
				CFE7A3A22B3D9B22007432A0 /* WrappedMessage.swift in Sources */,
				CFE7A3962B3D73C6007432A0 /* ChatLogView.swift in Sources */,
				CF9F41222B451B8A0091A9B8 /* MessageManager.swift in Sources */,
				CF6969502B50F64B007F55BA /* WebView.swift in Sources */,
				CFDB3E072B3440A900C88D77 /* CarPoolCell.swift in Sources */,
				CF8266952B46AC5100D92487 /* FavoriteLocationSearchView.swift in Sources */,
				CF3F49F22B31AA9E009E8A96 /* LocationManager.swift in Sources */,
				CF7F734F2B3E91C9009041ED /* LocationSearchManager.swift in Sources */,
				CF78A6F22B357D2700306F6A /* Gender.swift in Sources */,
				CF78A6F72B3582AF00306F6A /* AuthTextField.swift in Sources */,
				CF3F499D2B316A6F009E8A96 /* MapView.swift in Sources */,
				CFDB3E042B3438BA00C88D77 /* CarPoolListView.swift in Sources */,
				CFDB3DFF2B33FF9700C88D77 /* MapViewActionButton.swift in Sources */,
				CF78A6FF2B35A36600306F6A /* VisualEffectViewRepresentable.swift in Sources */,
				CF7F73532B3E9316009041ED /* LocationSearchResultView.swift in Sources */,
				CFA32E232B36D83500385847 /* SplashView.swift in Sources */,
				CF8266932B46A9D900D92487 /* EditFavoriteMapViewModel.swift in Sources */,
				CF3F499B2B316A6F009E8A96 /* LymCarApp.swift in Sources */,
				CFCAC8A32B5247E80098C898 /* PermissionRequestView.swift in Sources */,
				CFF8DA2B2B4BB44F0000C091 /* VerificationCodeView.swift in Sources */,
				CFC092012B3AC5B500260E78 /* CarPoolShortcutListView.swift in Sources */,
				CF78A6E92B35613F00306F6A /* RegisterView.swift in Sources */,
				CFA219852B48015B00FA4228 /* FavoriteButton.swift in Sources */,
				CF3F49E82B316E87009E8A96 /* MapViewModel.swift in Sources */,
				CFA32E1D2B36ABD800385847 /* MenuCell.swift in Sources */,
				CFE7A39A2B3D784A007432A0 /* MessageInputView.swift in Sources */,
				CFDB3DF62B33F98D00C88D77 /* LocationSearchView.swift in Sources */,
				CFE7A39C2B3D7BAF007432A0 /* MessageCell.swift in Sources */,
				CFDB3E132B347F3B00C88D77 /* HistoryView.swift in Sources */,
				CFDB3DF42B33F6AA00C88D77 /* LocationSearchActivationView.swift in Sources */,
				CF2C06942B467AF500A4E8FF /* RoundedActionButton.swift in Sources */,
				CFB635032B398B230029BE3F /* CarPoolManager.swift in Sources */,
				CF78A6E72B3556C700306F6A /* LoginView.swift in Sources */,
				CFDB3E112B347F2900C88D77 /* MenuView.swift in Sources */,
				CFDB3E012B34048F00C88D77 /* SearchType.swift in Sources */,
				CF49530D2B380816009FD93A /* TimePickerView.swift in Sources */,
				CFA4DFA52B443FE500A791A7 /* PushMessage.swift in Sources */,
				CFF8DA292B4BB2B10000C091 /* NetworkError.swift in Sources */,
				CFA32E132B369C2A00385847 /* User.swift in Sources */,
				CF78A6F92B35871A00306F6A /* AuthTextFieldType.swift in Sources */,
				CF4D9B542B47CA6000231455 /* Favorite+CoreDataClass.swift in Sources */,
				CF7B99C42B492C1300737A76 /* LoginViewModel.swift in Sources */,
				CFA4DFA32B443BB300A791A7 /* Constant.swift in Sources */,
				CFE7A39E2B3D8394007432A0 /* Message.swift in Sources */,
				CF6969522B50F722007F55BA /* WKWebViewRepresentable.swift in Sources */,
				CF78A6FD2B358F0200306F6A /* AnswerPrivacyPolicyView.swift in Sources */,
				CFDB3E092B344B1500C88D77 /* MainTabView.swift in Sources */,
				CF32DD402B45391500B2F6C0 /* MessageManagerType.swift in Sources */,
				CF78A6F02B35676B00306F6A /* AuthStep.swift in Sources */,
				CFE7A3942B3D4C01007432A0 /* CarPoolShortCutCell.swift in Sources */,
				CF78A7012B35C67300306F6A /* ViewState.swift in Sources */,
				CF4953072B3800B0009FD93A /* CarPoolGenerateView.swift in Sources */,
				CF78A6F52B35809F00306F6A /* GenderSelectionView.swift in Sources */,
				CF6969542B50FAFB007F55BA /* CharacterSayView.swift in Sources */,
				CFDB3E0D2B347A0D00C88D77 /* TabMenuItem.swift in Sources */,
				CF9F41292B4524230091A9B8 /* RegisterViewModel.swift in Sources */,
				CF49530F2B381080009FD93A /* OptionView.swift in Sources */,
				CF4D9B572B47CB1400231455 /* PersistenceController.swift in Sources */,
				CFDB3E0B2B344DB100C88D77 /* View.swift in Sources */,
				CFB635072B399A470029BE3F /* Location.swift in Sources */,
				CF0A631D2B466C0300301A61 /* EditFavoriteView.swift in Sources */,
				CF4D9B4E2B47C6FD00231455 /* FavoriteModel.xcdatamodeld in Sources */,
				CF15E1D52B4FDF0400391054 /* AlertModifier.swift in Sources */,
			);
			runOnlyForDeploymentPostprocessing = 0;
		};
/* End PBXSourcesBuildPhase section */

/* Begin XCBuildConfiguration section */
		CF3F49A32B316A70009E8A96 /* Debug */ = {
			isa = XCBuildConfiguration;
			buildSettings = {
				ALWAYS_SEARCH_USER_PATHS = NO;
				ASSETCATALOG_COMPILER_GENERATE_SWIFT_ASSET_SYMBOL_EXTENSIONS = YES;
				CLANG_ANALYZER_NONNULL = YES;
				CLANG_ANALYZER_NUMBER_OBJECT_CONVERSION = YES_AGGRESSIVE;
				CLANG_CXX_LANGUAGE_STANDARD = "gnu++20";
				CLANG_ENABLE_MODULES = YES;
				CLANG_ENABLE_OBJC_ARC = YES;
				CLANG_ENABLE_OBJC_WEAK = YES;
				CLANG_WARN_BLOCK_CAPTURE_AUTORELEASING = YES;
				CLANG_WARN_BOOL_CONVERSION = YES;
				CLANG_WARN_COMMA = YES;
				CLANG_WARN_CONSTANT_CONVERSION = YES;
				CLANG_WARN_DEPRECATED_OBJC_IMPLEMENTATIONS = YES;
				CLANG_WARN_DIRECT_OBJC_ISA_USAGE = YES_ERROR;
				CLANG_WARN_DOCUMENTATION_COMMENTS = YES;
				CLANG_WARN_EMPTY_BODY = YES;
				CLANG_WARN_ENUM_CONVERSION = YES;
				CLANG_WARN_INFINITE_RECURSION = YES;
				CLANG_WARN_INT_CONVERSION = YES;
				CLANG_WARN_NON_LITERAL_NULL_CONVERSION = YES;
				CLANG_WARN_OBJC_IMPLICIT_RETAIN_SELF = YES;
				CLANG_WARN_OBJC_LITERAL_CONVERSION = YES;
				CLANG_WARN_OBJC_ROOT_CLASS = YES_ERROR;
				CLANG_WARN_QUOTED_INCLUDE_IN_FRAMEWORK_HEADER = YES;
				CLANG_WARN_RANGE_LOOP_ANALYSIS = YES;
				CLANG_WARN_STRICT_PROTOTYPES = YES;
				CLANG_WARN_SUSPICIOUS_MOVE = YES;
				CLANG_WARN_UNGUARDED_AVAILABILITY = YES_AGGRESSIVE;
				CLANG_WARN_UNREACHABLE_CODE = YES;
				CLANG_WARN__DUPLICATE_METHOD_MATCH = YES;
				COPY_PHASE_STRIP = NO;
				DEBUG_INFORMATION_FORMAT = dwarf;
				ENABLE_STRICT_OBJC_MSGSEND = YES;
				ENABLE_TESTABILITY = YES;
				ENABLE_USER_SCRIPT_SANDBOXING = YES;
				GCC_C_LANGUAGE_STANDARD = gnu17;
				GCC_DYNAMIC_NO_PIC = NO;
				GCC_NO_COMMON_BLOCKS = YES;
				GCC_OPTIMIZATION_LEVEL = 0;
				GCC_PREPROCESSOR_DEFINITIONS = (
					"DEBUG=1",
					"$(inherited)",
				);
				GCC_WARN_64_TO_32_BIT_CONVERSION = YES;
				GCC_WARN_ABOUT_RETURN_TYPE = YES_ERROR;
				GCC_WARN_UNDECLARED_SELECTOR = YES;
				GCC_WARN_UNINITIALIZED_AUTOS = YES_AGGRESSIVE;
				GCC_WARN_UNUSED_FUNCTION = YES;
				GCC_WARN_UNUSED_VARIABLE = YES;
				IPHONEOS_DEPLOYMENT_TARGET = 17.0;
				LOCALIZATION_PREFERS_STRING_CATALOGS = YES;
				MTL_ENABLE_DEBUG_INFO = INCLUDE_SOURCE;
				MTL_FAST_MATH = YES;
				ONLY_ACTIVE_ARCH = YES;
				SDKROOT = iphoneos;
				SWIFT_ACTIVE_COMPILATION_CONDITIONS = "DEBUG $(inherited)";
				SWIFT_OPTIMIZATION_LEVEL = "-Onone";
			};
			name = Debug;
		};
		CF3F49A42B316A70009E8A96 /* Release */ = {
			isa = XCBuildConfiguration;
			buildSettings = {
				ALWAYS_SEARCH_USER_PATHS = NO;
				ASSETCATALOG_COMPILER_GENERATE_SWIFT_ASSET_SYMBOL_EXTENSIONS = YES;
				CLANG_ANALYZER_NONNULL = YES;
				CLANG_ANALYZER_NUMBER_OBJECT_CONVERSION = YES_AGGRESSIVE;
				CLANG_CXX_LANGUAGE_STANDARD = "gnu++20";
				CLANG_ENABLE_MODULES = YES;
				CLANG_ENABLE_OBJC_ARC = YES;
				CLANG_ENABLE_OBJC_WEAK = YES;
				CLANG_WARN_BLOCK_CAPTURE_AUTORELEASING = YES;
				CLANG_WARN_BOOL_CONVERSION = YES;
				CLANG_WARN_COMMA = YES;
				CLANG_WARN_CONSTANT_CONVERSION = YES;
				CLANG_WARN_DEPRECATED_OBJC_IMPLEMENTATIONS = YES;
				CLANG_WARN_DIRECT_OBJC_ISA_USAGE = YES_ERROR;
				CLANG_WARN_DOCUMENTATION_COMMENTS = YES;
				CLANG_WARN_EMPTY_BODY = YES;
				CLANG_WARN_ENUM_CONVERSION = YES;
				CLANG_WARN_INFINITE_RECURSION = YES;
				CLANG_WARN_INT_CONVERSION = YES;
				CLANG_WARN_NON_LITERAL_NULL_CONVERSION = YES;
				CLANG_WARN_OBJC_IMPLICIT_RETAIN_SELF = YES;
				CLANG_WARN_OBJC_LITERAL_CONVERSION = YES;
				CLANG_WARN_OBJC_ROOT_CLASS = YES_ERROR;
				CLANG_WARN_QUOTED_INCLUDE_IN_FRAMEWORK_HEADER = YES;
				CLANG_WARN_RANGE_LOOP_ANALYSIS = YES;
				CLANG_WARN_STRICT_PROTOTYPES = YES;
				CLANG_WARN_SUSPICIOUS_MOVE = YES;
				CLANG_WARN_UNGUARDED_AVAILABILITY = YES_AGGRESSIVE;
				CLANG_WARN_UNREACHABLE_CODE = YES;
				CLANG_WARN__DUPLICATE_METHOD_MATCH = YES;
				COPY_PHASE_STRIP = NO;
				DEBUG_INFORMATION_FORMAT = "dwarf-with-dsym";
				ENABLE_NS_ASSERTIONS = NO;
				ENABLE_STRICT_OBJC_MSGSEND = YES;
				ENABLE_USER_SCRIPT_SANDBOXING = YES;
				GCC_C_LANGUAGE_STANDARD = gnu17;
				GCC_NO_COMMON_BLOCKS = YES;
				GCC_WARN_64_TO_32_BIT_CONVERSION = YES;
				GCC_WARN_ABOUT_RETURN_TYPE = YES_ERROR;
				GCC_WARN_UNDECLARED_SELECTOR = YES;
				GCC_WARN_UNINITIALIZED_AUTOS = YES_AGGRESSIVE;
				GCC_WARN_UNUSED_FUNCTION = YES;
				GCC_WARN_UNUSED_VARIABLE = YES;
				IPHONEOS_DEPLOYMENT_TARGET = 17.0;
				LOCALIZATION_PREFERS_STRING_CATALOGS = YES;
				MTL_ENABLE_DEBUG_INFO = NO;
				MTL_FAST_MATH = YES;
				SDKROOT = iphoneos;
				SWIFT_COMPILATION_MODE = wholemodule;
				VALIDATE_PRODUCT = YES;
			};
			name = Release;
		};
		CF3F49A62B316A70009E8A96 /* Debug */ = {
			isa = XCBuildConfiguration;
			buildSettings = {
				ASSETCATALOG_COMPILER_APPICON_NAME = AppIcon;
				ASSETCATALOG_COMPILER_GLOBAL_ACCENT_COLOR_NAME = AccentColor;
				CODE_SIGN_ENTITLEMENTS = LymCar/LymCar.entitlements;
				CODE_SIGN_STYLE = Automatic;
				CURRENT_PROJECT_VERSION = 7;
				DEVELOPMENT_ASSET_PATHS = "\"LymCar/Preview Content\"";
				DEVELOPMENT_TEAM = EX6G2VC9J8;
				ENABLE_PREVIEWS = YES;
				GENERATE_INFOPLIST_FILE = YES;
				INFOPLIST_FILE = LymCar/Info.plist;
				INFOPLIST_KEY_CFBundleDisplayName = "림카";
				INFOPLIST_KEY_LSApplicationCategoryType = "public.app-category.travel";
				INFOPLIST_KEY_NSLocationWhenInUseUsageDescription = "사용자 위치를 파악하여 지도에 표시하고, 출발지로 설정하기 위해 사용합니다.";
				INFOPLIST_KEY_UIApplicationSceneManifest_Generation = YES;
				INFOPLIST_KEY_UIApplicationSupportsIndirectInputEvents = YES;
				INFOPLIST_KEY_UILaunchScreen_Generation = YES;
				INFOPLIST_KEY_UISupportedInterfaceOrientations = UIInterfaceOrientationPortrait;
				INFOPLIST_KEY_UISupportedInterfaceOrientations_iPad = "UIInterfaceOrientationLandscapeLeft UIInterfaceOrientationLandscapeRight UIInterfaceOrientationPortrait UIInterfaceOrientationPortraitUpsideDown";
				IPHONEOS_DEPLOYMENT_TARGET = 15.0;
				LD_RUNPATH_SEARCH_PATHS = (
					"$(inherited)",
					"@executable_path/Frameworks",
				);
				MARKETING_VERSION = 1.1;
				PRODUCT_BUNDLE_IDENTIFIER = "com.dldmswo1209.lymcar-SwiftUI";
				PRODUCT_NAME = "$(TARGET_NAME)";
				SUPPORTED_PLATFORMS = "iphoneos iphonesimulator";
				SUPPORTS_MACCATALYST = NO;
				SUPPORTS_MAC_DESIGNED_FOR_IPHONE_IPAD = NO;
				SWIFT_EMIT_LOC_STRINGS = YES;
				SWIFT_VERSION = 5.0;
				TARGETED_DEVICE_FAMILY = "1,2";
			};
			name = Debug;
		};
		CF3F49A72B316A70009E8A96 /* Release */ = {
			isa = XCBuildConfiguration;
			buildSettings = {
				ASSETCATALOG_COMPILER_APPICON_NAME = AppIcon;
				ASSETCATALOG_COMPILER_GLOBAL_ACCENT_COLOR_NAME = AccentColor;
				CODE_SIGN_ENTITLEMENTS = LymCar/LymCar.entitlements;
				CODE_SIGN_STYLE = Automatic;
				CURRENT_PROJECT_VERSION = 7;
				DEVELOPMENT_ASSET_PATHS = "\"LymCar/Preview Content\"";
				DEVELOPMENT_TEAM = EX6G2VC9J8;
				ENABLE_PREVIEWS = YES;
				GENERATE_INFOPLIST_FILE = YES;
				INFOPLIST_FILE = LymCar/Info.plist;
				INFOPLIST_KEY_CFBundleDisplayName = "림카";
				INFOPLIST_KEY_LSApplicationCategoryType = "public.app-category.travel";
				INFOPLIST_KEY_NSLocationWhenInUseUsageDescription = "사용자 위치를 파악하여 지도에 표시하고, 출발지로 설정하기 위해 사용합니다.";
				INFOPLIST_KEY_UIApplicationSceneManifest_Generation = YES;
				INFOPLIST_KEY_UIApplicationSupportsIndirectInputEvents = YES;
				INFOPLIST_KEY_UILaunchScreen_Generation = YES;
				INFOPLIST_KEY_UISupportedInterfaceOrientations = UIInterfaceOrientationPortrait;
				INFOPLIST_KEY_UISupportedInterfaceOrientations_iPad = "UIInterfaceOrientationLandscapeLeft UIInterfaceOrientationLandscapeRight UIInterfaceOrientationPortrait UIInterfaceOrientationPortraitUpsideDown";
				IPHONEOS_DEPLOYMENT_TARGET = 15.0;
				LD_RUNPATH_SEARCH_PATHS = (
					"$(inherited)",
					"@executable_path/Frameworks",
				);
				MARKETING_VERSION = 1.1;
				PRODUCT_BUNDLE_IDENTIFIER = "com.dldmswo1209.lymcar-SwiftUI";
				PRODUCT_NAME = "$(TARGET_NAME)";
				SUPPORTED_PLATFORMS = "iphoneos iphonesimulator";
				SUPPORTS_MACCATALYST = NO;
				SUPPORTS_MAC_DESIGNED_FOR_IPHONE_IPAD = NO;
				SWIFT_EMIT_LOC_STRINGS = YES;
				SWIFT_VERSION = 5.0;
				TARGETED_DEVICE_FAMILY = "1,2";
			};
			name = Release;
		};
/* End XCBuildConfiguration section */

/* Begin XCConfigurationList section */
		CF3F49922B316A6F009E8A96 /* Build configuration list for PBXProject "LymCar" */ = {
			isa = XCConfigurationList;
			buildConfigurations = (
				CF3F49A32B316A70009E8A96 /* Debug */,
				CF3F49A42B316A70009E8A96 /* Release */,
			);
			defaultConfigurationIsVisible = 0;
			defaultConfigurationName = Release;
		};
		CF3F49A52B316A70009E8A96 /* Build configuration list for PBXNativeTarget "LymCar" */ = {
			isa = XCConfigurationList;
			buildConfigurations = (
				CF3F49A62B316A70009E8A96 /* Debug */,
				CF3F49A72B316A70009E8A96 /* Release */,
			);
			defaultConfigurationIsVisible = 0;
			defaultConfigurationName = Release;
		};
/* End XCConfigurationList section */

/* Begin XCRemoteSwiftPackageReference section */
		CF3F49AA2B316BB0009E8A96 /* XCRemoteSwiftPackageReference "firebase-ios-sdk" */ = {
			isa = XCRemoteSwiftPackageReference;
			repositoryURL = "https://github.com/firebase/firebase-ios-sdk";
			requirement = {
				kind = upToNextMajorVersion;
				minimumVersion = 10.19.1;
			};
		};
/* End XCRemoteSwiftPackageReference section */

/* Begin XCSwiftPackageProductDependency section */
		CF3F49AB2B316BB0009E8A96 /* FirebaseAnalytics */ = {
			isa = XCSwiftPackageProductDependency;
			package = CF3F49AA2B316BB0009E8A96 /* XCRemoteSwiftPackageReference "firebase-ios-sdk" */;
			productName = FirebaseAnalytics;
		};
		CF3F49AD2B316BB0009E8A96 /* FirebaseAnalyticsOnDeviceConversion */ = {
			isa = XCSwiftPackageProductDependency;
			package = CF3F49AA2B316BB0009E8A96 /* XCRemoteSwiftPackageReference "firebase-ios-sdk" */;
			productName = FirebaseAnalyticsOnDeviceConversion;
		};
		CF3F49AF2B316BB0009E8A96 /* FirebaseAnalyticsSwift */ = {
			isa = XCSwiftPackageProductDependency;
			package = CF3F49AA2B316BB0009E8A96 /* XCRemoteSwiftPackageReference "firebase-ios-sdk" */;
			productName = FirebaseAnalyticsSwift;
		};
		CF3F49B12B316BB0009E8A96 /* FirebaseAnalyticsWithoutAdIdSupport */ = {
			isa = XCSwiftPackageProductDependency;
			package = CF3F49AA2B316BB0009E8A96 /* XCRemoteSwiftPackageReference "firebase-ios-sdk" */;
			productName = FirebaseAnalyticsWithoutAdIdSupport;
		};
		CF3F49B32B316BB0009E8A96 /* FirebaseAppCheck */ = {
			isa = XCSwiftPackageProductDependency;
			package = CF3F49AA2B316BB0009E8A96 /* XCRemoteSwiftPackageReference "firebase-ios-sdk" */;
			productName = FirebaseAppCheck;
		};
		CF3F49B52B316BB0009E8A96 /* FirebaseAppDistribution-Beta */ = {
			isa = XCSwiftPackageProductDependency;
			package = CF3F49AA2B316BB0009E8A96 /* XCRemoteSwiftPackageReference "firebase-ios-sdk" */;
			productName = "FirebaseAppDistribution-Beta";
		};
		CF3F49B72B316BB0009E8A96 /* FirebaseAuth */ = {
			isa = XCSwiftPackageProductDependency;
			package = CF3F49AA2B316BB0009E8A96 /* XCRemoteSwiftPackageReference "firebase-ios-sdk" */;
			productName = FirebaseAuth;
		};
		CF3F49B92B316BB0009E8A96 /* FirebaseAuthCombine-Community */ = {
			isa = XCSwiftPackageProductDependency;
			package = CF3F49AA2B316BB0009E8A96 /* XCRemoteSwiftPackageReference "firebase-ios-sdk" */;
			productName = "FirebaseAuthCombine-Community";
		};
		CF3F49BB2B316BB0009E8A96 /* FirebaseCrashlytics */ = {
			isa = XCSwiftPackageProductDependency;
			package = CF3F49AA2B316BB0009E8A96 /* XCRemoteSwiftPackageReference "firebase-ios-sdk" */;
			productName = FirebaseCrashlytics;
		};
		CF3F49BD2B316BB0009E8A96 /* FirebaseDatabase */ = {
			isa = XCSwiftPackageProductDependency;
			package = CF3F49AA2B316BB0009E8A96 /* XCRemoteSwiftPackageReference "firebase-ios-sdk" */;
			productName = FirebaseDatabase;
		};
		CF3F49BF2B316BB0009E8A96 /* FirebaseDatabaseSwift */ = {
			isa = XCSwiftPackageProductDependency;
			package = CF3F49AA2B316BB0009E8A96 /* XCRemoteSwiftPackageReference "firebase-ios-sdk" */;
			productName = FirebaseDatabaseSwift;
		};
		CF3F49C12B316BB0009E8A96 /* FirebaseDynamicLinks */ = {
			isa = XCSwiftPackageProductDependency;
			package = CF3F49AA2B316BB0009E8A96 /* XCRemoteSwiftPackageReference "firebase-ios-sdk" */;
			productName = FirebaseDynamicLinks;
		};
		CF3F49C32B316BB0009E8A96 /* FirebaseFirestore */ = {
			isa = XCSwiftPackageProductDependency;
			package = CF3F49AA2B316BB0009E8A96 /* XCRemoteSwiftPackageReference "firebase-ios-sdk" */;
			productName = FirebaseFirestore;
		};
		CF3F49C52B316BB0009E8A96 /* FirebaseFirestoreCombine-Community */ = {
			isa = XCSwiftPackageProductDependency;
			package = CF3F49AA2B316BB0009E8A96 /* XCRemoteSwiftPackageReference "firebase-ios-sdk" */;
			productName = "FirebaseFirestoreCombine-Community";
		};
		CF3F49C72B316BB0009E8A96 /* FirebaseFirestoreSwift */ = {
			isa = XCSwiftPackageProductDependency;
			package = CF3F49AA2B316BB0009E8A96 /* XCRemoteSwiftPackageReference "firebase-ios-sdk" */;
			productName = FirebaseFirestoreSwift;
		};
		CF3F49C92B316BB0009E8A96 /* FirebaseFunctions */ = {
			isa = XCSwiftPackageProductDependency;
			package = CF3F49AA2B316BB0009E8A96 /* XCRemoteSwiftPackageReference "firebase-ios-sdk" */;
			productName = FirebaseFunctions;
		};
		CF3F49CB2B316BB0009E8A96 /* FirebaseFunctionsCombine-Community */ = {
			isa = XCSwiftPackageProductDependency;
			package = CF3F49AA2B316BB0009E8A96 /* XCRemoteSwiftPackageReference "firebase-ios-sdk" */;
			productName = "FirebaseFunctionsCombine-Community";
		};
		CF3F49CD2B316BB0009E8A96 /* FirebaseInAppMessaging-Beta */ = {
			isa = XCSwiftPackageProductDependency;
			package = CF3F49AA2B316BB0009E8A96 /* XCRemoteSwiftPackageReference "firebase-ios-sdk" */;
			productName = "FirebaseInAppMessaging-Beta";
		};
		CF3F49CF2B316BB0009E8A96 /* FirebaseInAppMessagingSwift-Beta */ = {
			isa = XCSwiftPackageProductDependency;
			package = CF3F49AA2B316BB0009E8A96 /* XCRemoteSwiftPackageReference "firebase-ios-sdk" */;
			productName = "FirebaseInAppMessagingSwift-Beta";
		};
		CF3F49D12B316BB0009E8A96 /* FirebaseInstallations */ = {
			isa = XCSwiftPackageProductDependency;
			package = CF3F49AA2B316BB0009E8A96 /* XCRemoteSwiftPackageReference "firebase-ios-sdk" */;
			productName = FirebaseInstallations;
		};
		CF3F49D32B316BB0009E8A96 /* FirebaseMLModelDownloader */ = {
			isa = XCSwiftPackageProductDependency;
			package = CF3F49AA2B316BB0009E8A96 /* XCRemoteSwiftPackageReference "firebase-ios-sdk" */;
			productName = FirebaseMLModelDownloader;
		};
		CF3F49D52B316BB0009E8A96 /* FirebaseMessaging */ = {
			isa = XCSwiftPackageProductDependency;
			package = CF3F49AA2B316BB0009E8A96 /* XCRemoteSwiftPackageReference "firebase-ios-sdk" */;
			productName = FirebaseMessaging;
		};
		CF3F49D72B316BB0009E8A96 /* FirebasePerformance */ = {
			isa = XCSwiftPackageProductDependency;
			package = CF3F49AA2B316BB0009E8A96 /* XCRemoteSwiftPackageReference "firebase-ios-sdk" */;
			productName = FirebasePerformance;
		};
		CF3F49D92B316BB0009E8A96 /* FirebaseRemoteConfig */ = {
			isa = XCSwiftPackageProductDependency;
			package = CF3F49AA2B316BB0009E8A96 /* XCRemoteSwiftPackageReference "firebase-ios-sdk" */;
			productName = FirebaseRemoteConfig;
		};
		CF3F49DB2B316BB0009E8A96 /* FirebaseRemoteConfigSwift */ = {
			isa = XCSwiftPackageProductDependency;
			package = CF3F49AA2B316BB0009E8A96 /* XCRemoteSwiftPackageReference "firebase-ios-sdk" */;
			productName = FirebaseRemoteConfigSwift;
		};
		CF3F49DD2B316BB0009E8A96 /* FirebaseStorage */ = {
			isa = XCSwiftPackageProductDependency;
			package = CF3F49AA2B316BB0009E8A96 /* XCRemoteSwiftPackageReference "firebase-ios-sdk" */;
			productName = FirebaseStorage;
		};
		CF3F49DF2B316BB0009E8A96 /* FirebaseStorageCombine-Community */ = {
			isa = XCSwiftPackageProductDependency;
			package = CF3F49AA2B316BB0009E8A96 /* XCRemoteSwiftPackageReference "firebase-ios-sdk" */;
			productName = "FirebaseStorageCombine-Community";
		};
/* End XCSwiftPackageProductDependency section */

/* Begin XCVersionGroup section */
		CF4D9B4C2B47C6FD00231455 /* FavoriteModel.xcdatamodeld */ = {
			isa = XCVersionGroup;
			children = (
				CF4D9B4D2B47C6FD00231455 /* FavoriteModel.xcdatamodel */,
			);
			currentVersion = CF4D9B4D2B47C6FD00231455 /* FavoriteModel.xcdatamodel */;
			path = FavoriteModel.xcdatamodeld;
			sourceTree = "<group>";
			versionGroupType = wrapper.xcdatamodel;
		};
/* End XCVersionGroup section */
	};
	rootObject = CF3F498F2B316A6F009E8A96 /* Project object */;
}
