// !$*UTF8*$!
{
	archiveVersion = 1;
	classes = {
	};
	objectVersion = 56;
	objects = {

/* Begin PBXBuildFile section */
		CF1B79D12B32AACC005974B8 /* MapState.swift in Sources */ = {isa = PBXBuildFile; fileRef = CF1B79D02B32AACC005974B8 /* MapState.swift */; };
		CF3F499B2B316A6F009E8A96 /* LymCarApp.swift in Sources */ = {isa = PBXBuildFile; fileRef = CF3F499A2B316A6F009E8A96 /* LymCarApp.swift */; };
		CF3F499D2B316A6F009E8A96 /* MapView.swift in Sources */ = {isa = PBXBuildFile; fileRef = CF3F499C2B316A6F009E8A96 /* MapView.swift */; };
		CF3F499F2B316A70009E8A96 /* Assets.xcassets in Resources */ = {isa = PBXBuildFile; fileRef = CF3F499E2B316A70009E8A96 /* Assets.xcassets */; };
		CF3F49A22B316A70009E8A96 /* Preview Assets.xcassets in Resources */ = {isa = PBXBuildFile; fileRef = CF3F49A12B316A70009E8A96 /* Preview Assets.xcassets */; };
		CF3F49A92B316AFF009E8A96 /* GoogleService-Info.plist in Resources */ = {isa = PBXBuildFile; fileRef = CF3F49A82B316AFF009E8A96 /* GoogleService-Info.plist */; };
		CF3F49AC2B316BB0009E8A96 /* FirebaseAnalytics in Frameworks */ = {isa = PBXBuildFile; productRef = CF3F49AB2B316BB0009E8A96 /* FirebaseAnalytics */; };
		CF3F49AE2B316BB0009E8A96 /* FirebaseAnalyticsOnDeviceConversion in Frameworks */ = {isa = PBXBuildFile; productRef = CF3F49AD2B316BB0009E8A96 /* FirebaseAnalyticsOnDeviceConversion */; };
		CF3F49B02B316BB0009E8A96 /* FirebaseAnalyticsSwift in Frameworks */ = {isa = PBXBuildFile; productRef = CF3F49AF2B316BB0009E8A96 /* FirebaseAnalyticsSwift */; };
		CF3F49B22B316BB0009E8A96 /* FirebaseAnalyticsWithoutAdIdSupport in Frameworks */ = {isa = PBXBuildFile; productRef = CF3F49B12B316BB0009E8A96 /* FirebaseAnalyticsWithoutAdIdSupport */; };
		CF3F49B42B316BB0009E8A96 /* FirebaseAppCheck in Frameworks */ = {isa = PBXBuildFile; productRef = CF3F49B32B316BB0009E8A96 /* FirebaseAppCheck */; };
		CF3F49B62B316BB0009E8A96 /* FirebaseAppDistribution-Beta in Frameworks */ = {isa = PBXBuildFile; productRef = CF3F49B52B316BB0009E8A96 /* FirebaseAppDistribution-Beta */; };
		CF3F49B82B316BB0009E8A96 /* FirebaseAuth in Frameworks */ = {isa = PBXBuildFile; productRef = CF3F49B72B316BB0009E8A96 /* FirebaseAuth */; };
		CF3F49BA2B316BB0009E8A96 /* FirebaseAuthCombine-Community in Frameworks */ = {isa = PBXBuildFile; productRef = CF3F49B92B316BB0009E8A96 /* FirebaseAuthCombine-Community */; };
		CF3F49BC2B316BB0009E8A96 /* FirebaseCrashlytics in Frameworks */ = {isa = PBXBuildFile; productRef = CF3F49BB2B316BB0009E8A96 /* FirebaseCrashlytics */; };
		CF3F49BE2B316BB0009E8A96 /* FirebaseDatabase in Frameworks */ = {isa = PBXBuildFile; productRef = CF3F49BD2B316BB0009E8A96 /* FirebaseDatabase */; };
		CF3F49C02B316BB0009E8A96 /* FirebaseDatabaseSwift in Frameworks */ = {isa = PBXBuildFile; productRef = CF3F49BF2B316BB0009E8A96 /* FirebaseDatabaseSwift */; };
		CF3F49C22B316BB0009E8A96 /* FirebaseDynamicLinks in Frameworks */ = {isa = PBXBuildFile; productRef = CF3F49C12B316BB0009E8A96 /* FirebaseDynamicLinks */; };
		CF3F49C42B316BB0009E8A96 /* FirebaseFirestore in Frameworks */ = {isa = PBXBuildFile; productRef = CF3F49C32B316BB0009E8A96 /* FirebaseFirestore */; };
		CF3F49C62B316BB0009E8A96 /* FirebaseFirestoreCombine-Community in Frameworks */ = {isa = PBXBuildFile; productRef = CF3F49C52B316BB0009E8A96 /* FirebaseFirestoreCombine-Community */; };
		CF3F49C82B316BB0009E8A96 /* FirebaseFirestoreSwift in Frameworks */ = {isa = PBXBuildFile; productRef = CF3F49C72B316BB0009E8A96 /* FirebaseFirestoreSwift */; };
		CF3F49CA2B316BB0009E8A96 /* FirebaseFunctions in Frameworks */ = {isa = PBXBuildFile; productRef = CF3F49C92B316BB0009E8A96 /* FirebaseFunctions */; };
		CF3F49CC2B316BB0009E8A96 /* FirebaseFunctionsCombine-Community in Frameworks */ = {isa = PBXBuildFile; productRef = CF3F49CB2B316BB0009E8A96 /* FirebaseFunctionsCombine-Community */; };
		CF3F49CE2B316BB0009E8A96 /* FirebaseInAppMessaging-Beta in Frameworks */ = {isa = PBXBuildFile; productRef = CF3F49CD2B316BB0009E8A96 /* FirebaseInAppMessaging-Beta */; };
		CF3F49D02B316BB0009E8A96 /* FirebaseInAppMessagingSwift-Beta in Frameworks */ = {isa = PBXBuildFile; productRef = CF3F49CF2B316BB0009E8A96 /* FirebaseInAppMessagingSwift-Beta */; };
		CF3F49D22B316BB0009E8A96 /* FirebaseInstallations in Frameworks */ = {isa = PBXBuildFile; productRef = CF3F49D12B316BB0009E8A96 /* FirebaseInstallations */; };
		CF3F49D42B316BB0009E8A96 /* FirebaseMLModelDownloader in Frameworks */ = {isa = PBXBuildFile; productRef = CF3F49D32B316BB0009E8A96 /* FirebaseMLModelDownloader */; };
		CF3F49D62B316BB0009E8A96 /* FirebaseMessaging in Frameworks */ = {isa = PBXBuildFile; productRef = CF3F49D52B316BB0009E8A96 /* FirebaseMessaging */; };
		CF3F49D82B316BB0009E8A96 /* FirebasePerformance in Frameworks */ = {isa = PBXBuildFile; productRef = CF3F49D72B316BB0009E8A96 /* FirebasePerformance */; };
		CF3F49DA2B316BB0009E8A96 /* FirebaseRemoteConfig in Frameworks */ = {isa = PBXBuildFile; productRef = CF3F49D92B316BB0009E8A96 /* FirebaseRemoteConfig */; };
		CF3F49DC2B316BB0009E8A96 /* FirebaseRemoteConfigSwift in Frameworks */ = {isa = PBXBuildFile; productRef = CF3F49DB2B316BB0009E8A96 /* FirebaseRemoteConfigSwift */; };
		CF3F49DE2B316BB0009E8A96 /* FirebaseStorage in Frameworks */ = {isa = PBXBuildFile; productRef = CF3F49DD2B316BB0009E8A96 /* FirebaseStorage */; };
		CF3F49E02B316BB0009E8A96 /* FirebaseStorageCombine-Community in Frameworks */ = {isa = PBXBuildFile; productRef = CF3F49DF2B316BB0009E8A96 /* FirebaseStorageCombine-Community */; };
		CF3F49E22B316C11009E8A96 /* AppDelegate.swift in Sources */ = {isa = PBXBuildFile; fileRef = CF3F49E12B316C11009E8A96 /* AppDelegate.swift */; };
		CF3F49E82B316E87009E8A96 /* LocationSearchViewModel.swift in Sources */ = {isa = PBXBuildFile; fileRef = CF3F49E72B316E87009E8A96 /* LocationSearchViewModel.swift */; };
		CF3F49EF2B31A951009E8A96 /* MapViewRepresentable.swift in Sources */ = {isa = PBXBuildFile; fileRef = CF3F49EE2B31A951009E8A96 /* MapViewRepresentable.swift */; };
		CF3F49F22B31AA9E009E8A96 /* LocationManager.swift in Sources */ = {isa = PBXBuildFile; fileRef = CF3F49F12B31AA9E009E8A96 /* LocationManager.swift */; };
		CF78A6E32B35519A00306F6A /* RootView.swift in Sources */ = {isa = PBXBuildFile; fileRef = CF78A6E22B35519A00306F6A /* RootView.swift */; };
		CF78A6E72B3556C700306F6A /* LoginView.swift in Sources */ = {isa = PBXBuildFile; fileRef = CF78A6E62B3556C700306F6A /* LoginView.swift */; };
		CFDB3DF42B33F6AA00C88D77 /* LocationSearchActivationView.swift in Sources */ = {isa = PBXBuildFile; fileRef = CFDB3DF32B33F6AA00C88D77 /* LocationSearchActivationView.swift */; };
		CFDB3DF62B33F98D00C88D77 /* LocationSearchView.swift in Sources */ = {isa = PBXBuildFile; fileRef = CFDB3DF52B33F98D00C88D77 /* LocationSearchView.swift */; };
		CFDB3DFD2B33FC5200C88D77 /* Color.swift in Sources */ = {isa = PBXBuildFile; fileRef = CFDB3DFC2B33FC5200C88D77 /* Color.swift */; };
		CFDB3DFF2B33FF9700C88D77 /* MapViewActionButton.swift in Sources */ = {isa = PBXBuildFile; fileRef = CFDB3DFE2B33FF9700C88D77 /* MapViewActionButton.swift */; };
		CFDB3E012B34048F00C88D77 /* SearchType.swift in Sources */ = {isa = PBXBuildFile; fileRef = CFDB3E002B34048F00C88D77 /* SearchType.swift */; };
		CFDB3E042B3438BA00C88D77 /* CarPoolListView.swift in Sources */ = {isa = PBXBuildFile; fileRef = CFDB3E032B3438BA00C88D77 /* CarPoolListView.swift */; };
		CFDB3E072B3440A900C88D77 /* CarPoolCell.swift in Sources */ = {isa = PBXBuildFile; fileRef = CFDB3E062B3440A900C88D77 /* CarPoolCell.swift */; };
		CFDB3E092B344B1500C88D77 /* MainTabView.swift in Sources */ = {isa = PBXBuildFile; fileRef = CFDB3E082B344B1500C88D77 /* MainTabView.swift */; };
		CFDB3E0B2B344DB100C88D77 /* View.swift in Sources */ = {isa = PBXBuildFile; fileRef = CFDB3E0A2B344DB100C88D77 /* View.swift */; };
		CFDB3E0D2B347A0D00C88D77 /* TabMenuItem.swift in Sources */ = {isa = PBXBuildFile; fileRef = CFDB3E0C2B347A0D00C88D77 /* TabMenuItem.swift */; };
		CFDB3E112B347F2900C88D77 /* MenuView.swift in Sources */ = {isa = PBXBuildFile; fileRef = CFDB3E102B347F2900C88D77 /* MenuView.swift */; };
		CFDB3E132B347F3B00C88D77 /* HistoryView.swift in Sources */ = {isa = PBXBuildFile; fileRef = CFDB3E122B347F3B00C88D77 /* HistoryView.swift */; };
/* End PBXBuildFile section */

/* Begin PBXFileReference section */
		CF1B79D02B32AACC005974B8 /* MapState.swift */ = {isa = PBXFileReference; lastKnownFileType = sourcecode.swift; path = MapState.swift; sourceTree = "<group>"; };
		CF3F49972B316A6F009E8A96 /* LymCar.app */ = {isa = PBXFileReference; explicitFileType = wrapper.application; includeInIndex = 0; path = LymCar.app; sourceTree = BUILT_PRODUCTS_DIR; };
		CF3F499A2B316A6F009E8A96 /* LymCarApp.swift */ = {isa = PBXFileReference; lastKnownFileType = sourcecode.swift; path = LymCarApp.swift; sourceTree = "<group>"; };
		CF3F499C2B316A6F009E8A96 /* MapView.swift */ = {isa = PBXFileReference; lastKnownFileType = sourcecode.swift; path = MapView.swift; sourceTree = "<group>"; };
		CF3F499E2B316A70009E8A96 /* Assets.xcassets */ = {isa = PBXFileReference; lastKnownFileType = folder.assetcatalog; path = Assets.xcassets; sourceTree = "<group>"; };
		CF3F49A12B316A70009E8A96 /* Preview Assets.xcassets */ = {isa = PBXFileReference; lastKnownFileType = folder.assetcatalog; path = "Preview Assets.xcassets"; sourceTree = "<group>"; };
		CF3F49A82B316AFF009E8A96 /* GoogleService-Info.plist */ = {isa = PBXFileReference; fileEncoding = 4; lastKnownFileType = text.plist.xml; path = "GoogleService-Info.plist"; sourceTree = "<group>"; };
		CF3F49E12B316C11009E8A96 /* AppDelegate.swift */ = {isa = PBXFileReference; lastKnownFileType = sourcecode.swift; path = AppDelegate.swift; sourceTree = "<group>"; };
		CF3F49E72B316E87009E8A96 /* LocationSearchViewModel.swift */ = {isa = PBXFileReference; lastKnownFileType = sourcecode.swift; path = LocationSearchViewModel.swift; sourceTree = "<group>"; };
		CF3F49EE2B31A951009E8A96 /* MapViewRepresentable.swift */ = {isa = PBXFileReference; lastKnownFileType = sourcecode.swift; path = MapViewRepresentable.swift; sourceTree = "<group>"; };
		CF3F49F12B31AA9E009E8A96 /* LocationManager.swift */ = {isa = PBXFileReference; lastKnownFileType = sourcecode.swift; path = LocationManager.swift; sourceTree = "<group>"; };
		CF78A6E22B35519A00306F6A /* RootView.swift */ = {isa = PBXFileReference; lastKnownFileType = sourcecode.swift; path = RootView.swift; sourceTree = "<group>"; };
		CF78A6E62B3556C700306F6A /* LoginView.swift */ = {isa = PBXFileReference; lastKnownFileType = sourcecode.swift; path = LoginView.swift; sourceTree = "<group>"; };
		CFDB3DF32B33F6AA00C88D77 /* LocationSearchActivationView.swift */ = {isa = PBXFileReference; lastKnownFileType = sourcecode.swift; path = LocationSearchActivationView.swift; sourceTree = "<group>"; };
		CFDB3DF52B33F98D00C88D77 /* LocationSearchView.swift */ = {isa = PBXFileReference; lastKnownFileType = sourcecode.swift; path = LocationSearchView.swift; sourceTree = "<group>"; };
		CFDB3DFC2B33FC5200C88D77 /* Color.swift */ = {isa = PBXFileReference; lastKnownFileType = sourcecode.swift; path = Color.swift; sourceTree = "<group>"; };
		CFDB3DFE2B33FF9700C88D77 /* MapViewActionButton.swift */ = {isa = PBXFileReference; lastKnownFileType = sourcecode.swift; path = MapViewActionButton.swift; sourceTree = "<group>"; };
		CFDB3E002B34048F00C88D77 /* SearchType.swift */ = {isa = PBXFileReference; lastKnownFileType = sourcecode.swift; path = SearchType.swift; sourceTree = "<group>"; };
		CFDB3E032B3438BA00C88D77 /* CarPoolListView.swift */ = {isa = PBXFileReference; lastKnownFileType = sourcecode.swift; path = CarPoolListView.swift; sourceTree = "<group>"; };
		CFDB3E062B3440A900C88D77 /* CarPoolCell.swift */ = {isa = PBXFileReference; lastKnownFileType = sourcecode.swift; path = CarPoolCell.swift; sourceTree = "<group>"; };
		CFDB3E082B344B1500C88D77 /* MainTabView.swift */ = {isa = PBXFileReference; lastKnownFileType = sourcecode.swift; path = MainTabView.swift; sourceTree = "<group>"; };
		CFDB3E0A2B344DB100C88D77 /* View.swift */ = {isa = PBXFileReference; lastKnownFileType = sourcecode.swift; path = View.swift; sourceTree = "<group>"; };
		CFDB3E0C2B347A0D00C88D77 /* TabMenuItem.swift */ = {isa = PBXFileReference; lastKnownFileType = sourcecode.swift; path = TabMenuItem.swift; sourceTree = "<group>"; };
		CFDB3E102B347F2900C88D77 /* MenuView.swift */ = {isa = PBXFileReference; lastKnownFileType = sourcecode.swift; path = MenuView.swift; sourceTree = "<group>"; };
		CFDB3E122B347F3B00C88D77 /* HistoryView.swift */ = {isa = PBXFileReference; lastKnownFileType = sourcecode.swift; path = HistoryView.swift; sourceTree = "<group>"; };
/* End PBXFileReference section */

/* Begin PBXFrameworksBuildPhase section */
		CF3F49942B316A6F009E8A96 /* Frameworks */ = {
			isa = PBXFrameworksBuildPhase;
			buildActionMask = 2147483647;
			files = (
				CF3F49BE2B316BB0009E8A96 /* FirebaseDatabase in Frameworks */,
				CF3F49CC2B316BB0009E8A96 /* FirebaseFunctionsCombine-Community in Frameworks */,
				CF3F49C42B316BB0009E8A96 /* FirebaseFirestore in Frameworks */,
				CF3F49B02B316BB0009E8A96 /* FirebaseAnalyticsSwift in Frameworks */,
				CF3F49AC2B316BB0009E8A96 /* FirebaseAnalytics in Frameworks */,
				CF3F49AE2B316BB0009E8A96 /* FirebaseAnalyticsOnDeviceConversion in Frameworks */,
				CF3F49D42B316BB0009E8A96 /* FirebaseMLModelDownloader in Frameworks */,
				CF3F49C82B316BB0009E8A96 /* FirebaseFirestoreSwift in Frameworks */,
				CF3F49B42B316BB0009E8A96 /* FirebaseAppCheck in Frameworks */,
				CF3F49B22B316BB0009E8A96 /* FirebaseAnalyticsWithoutAdIdSupport in Frameworks */,
				CF3F49B82B316BB0009E8A96 /* FirebaseAuth in Frameworks */,
				CF3F49BC2B316BB0009E8A96 /* FirebaseCrashlytics in Frameworks */,
				CF3F49DC2B316BB0009E8A96 /* FirebaseRemoteConfigSwift in Frameworks */,
				CF3F49CE2B316BB0009E8A96 /* FirebaseInAppMessaging-Beta in Frameworks */,
				CF3F49C02B316BB0009E8A96 /* FirebaseDatabaseSwift in Frameworks */,
				CF3F49CA2B316BB0009E8A96 /* FirebaseFunctions in Frameworks */,
				CF3F49E02B316BB0009E8A96 /* FirebaseStorageCombine-Community in Frameworks */,
				CF3F49DA2B316BB0009E8A96 /* FirebaseRemoteConfig in Frameworks */,
				CF3F49B62B316BB0009E8A96 /* FirebaseAppDistribution-Beta in Frameworks */,
				CF3F49BA2B316BB0009E8A96 /* FirebaseAuthCombine-Community in Frameworks */,
				CF3F49D82B316BB0009E8A96 /* FirebasePerformance in Frameworks */,
				CF3F49D02B316BB0009E8A96 /* FirebaseInAppMessagingSwift-Beta in Frameworks */,
				CF3F49DE2B316BB0009E8A96 /* FirebaseStorage in Frameworks */,
				CF3F49C22B316BB0009E8A96 /* FirebaseDynamicLinks in Frameworks */,
				CF3F49C62B316BB0009E8A96 /* FirebaseFirestoreCombine-Community in Frameworks */,
				CF3F49D62B316BB0009E8A96 /* FirebaseMessaging in Frameworks */,
				CF3F49D22B316BB0009E8A96 /* FirebaseInstallations in Frameworks */,
			);
			runOnlyForDeploymentPostprocessing = 0;
		};
/* End PBXFrameworksBuildPhase section */

/* Begin PBXGroup section */
		CF3F498E2B316A6F009E8A96 = {
			isa = PBXGroup;
			children = (
				CF3F49992B316A6F009E8A96 /* LymCar */,
				CF3F49982B316A6F009E8A96 /* Products */,
			);
			sourceTree = "<group>";
		};
		CF3F49982B316A6F009E8A96 /* Products */ = {
			isa = PBXGroup;
			children = (
				CF3F49972B316A6F009E8A96 /* LymCar.app */,
			);
			name = Products;
			sourceTree = "<group>";
		};
		CF3F49992B316A6F009E8A96 /* LymCar */ = {
			isa = PBXGroup;
			children = (
				CFDB3DFB2B33FC4B00C88D77 /* Extensions */,
				CF3F49F02B31AA97009E8A96 /* Manager */,
				CF3F49E62B316E76009E8A96 /* Model */,
				CF3F49E32B316E1E009E8A96 /* Core */,
				CF3F49A82B316AFF009E8A96 /* GoogleService-Info.plist */,
				CF3F49E42B316E24009E8A96 /* App */,
				CF3F499E2B316A70009E8A96 /* Assets.xcassets */,
				CF3F49A02B316A70009E8A96 /* Preview Content */,
			);
			path = LymCar;
			sourceTree = "<group>";
		};
		CF3F49A02B316A70009E8A96 /* Preview Content */ = {
			isa = PBXGroup;
			children = (
				CF3F49A12B316A70009E8A96 /* Preview Assets.xcassets */,
			);
			path = "Preview Content";
			sourceTree = "<group>";
		};
		CF3F49E32B316E1E009E8A96 /* Core */ = {
			isa = PBXGroup;
			children = (
				CFDB3E082B344B1500C88D77 /* MainTabView.swift */,
				CF78A6E22B35519A00306F6A /* RootView.swift */,
				CF78A6E42B3556B400306F6A /* Authentication */,
				CFDB3E0F2B347F2100C88D77 /* Menu */,
				CFDB3E0E2B347F1D00C88D77 /* History */,
				CFDB3E022B3438A000C88D77 /* CarPool */,
				CFDB3DF72B33FA5700C88D77 /* Map */,
				CFDB3DF92B33FA6B00C88D77 /* LocationSearch */,
			);
			path = Core;
			sourceTree = "<group>";
		};
		CF3F49E42B316E24009E8A96 /* App */ = {
			isa = PBXGroup;
			children = (
				CF3F49E12B316C11009E8A96 /* AppDelegate.swift */,
				CF3F499A2B316A6F009E8A96 /* LymCarApp.swift */,
			);
			path = App;
			sourceTree = "<group>";
		};
		CF3F49E52B316E72009E8A96 /* ViewModel */ = {
			isa = PBXGroup;
			children = (
				CF3F49E72B316E87009E8A96 /* LocationSearchViewModel.swift */,
			);
			path = ViewModel;
			sourceTree = "<group>";
		};
		CF3F49E62B316E76009E8A96 /* Model */ = {
			isa = PBXGroup;
			children = (
				CF1B79D02B32AACC005974B8 /* MapState.swift */,
				CFDB3E002B34048F00C88D77 /* SearchType.swift */,
				CFDB3E0C2B347A0D00C88D77 /* TabMenuItem.swift */,
			);
			path = Model;
			sourceTree = "<group>";
		};
		CF3F49F02B31AA97009E8A96 /* Manager */ = {
			isa = PBXGroup;
			children = (
				CF3F49F12B31AA9E009E8A96 /* LocationManager.swift */,
			);
			path = Manager;
			sourceTree = "<group>";
		};
		CF78A6E42B3556B400306F6A /* Authentication */ = {
			isa = PBXGroup;
			children = (
				CF78A6E52B3556BE00306F6A /* Views */,
			);
			path = Authentication;
			sourceTree = "<group>";
		};
		CF78A6E52B3556BE00306F6A /* Views */ = {
			isa = PBXGroup;
			children = (
				CF78A6E62B3556C700306F6A /* LoginView.swift */,
			);
			path = Views;
			sourceTree = "<group>";
		};
		CFDB3DF72B33FA5700C88D77 /* Map */ = {
			isa = PBXGroup;
			children = (
				CFDB3DF82B33FA5D00C88D77 /* Views */,
			);
			path = Map;
			sourceTree = "<group>";
		};
		CFDB3DF82B33FA5D00C88D77 /* Views */ = {
			isa = PBXGroup;
			children = (
				CF3F499C2B316A6F009E8A96 /* MapView.swift */,
				CF3F49EE2B31A951009E8A96 /* MapViewRepresentable.swift */,
				CFDB3DFE2B33FF9700C88D77 /* MapViewActionButton.swift */,
			);
			path = Views;
			sourceTree = "<group>";
		};
		CFDB3DF92B33FA6B00C88D77 /* LocationSearch */ = {
			isa = PBXGroup;
			children = (
				CF3F49E52B316E72009E8A96 /* ViewModel */,
				CFDB3DFA2B33FA7500C88D77 /* Views */,
			);
			path = LocationSearch;
			sourceTree = "<group>";
		};
		CFDB3DFA2B33FA7500C88D77 /* Views */ = {
			isa = PBXGroup;
			children = (
				CFDB3DF32B33F6AA00C88D77 /* LocationSearchActivationView.swift */,
				CFDB3DF52B33F98D00C88D77 /* LocationSearchView.swift */,
			);
			path = Views;
			sourceTree = "<group>";
		};
		CFDB3DFB2B33FC4B00C88D77 /* Extensions */ = {
			isa = PBXGroup;
			children = (
				CFDB3DFC2B33FC5200C88D77 /* Color.swift */,
				CFDB3E0A2B344DB100C88D77 /* View.swift */,
			);
			path = Extensions;
			sourceTree = "<group>";
		};
		CFDB3E022B3438A000C88D77 /* CarPool */ = {
			isa = PBXGroup;
			children = (
				CFDB3E052B3438BE00C88D77 /* Views */,
			);
			path = CarPool;
			sourceTree = "<group>";
		};
		CFDB3E052B3438BE00C88D77 /* Views */ = {
			isa = PBXGroup;
			children = (
				CFDB3E032B3438BA00C88D77 /* CarPoolListView.swift */,
				CFDB3E062B3440A900C88D77 /* CarPoolCell.swift */,
			);
			path = Views;
			sourceTree = "<group>";
		};
		CFDB3E0E2B347F1D00C88D77 /* History */ = {
			isa = PBXGroup;
			children = (
				CFDB3E122B347F3B00C88D77 /* HistoryView.swift */,
			);
			path = History;
			sourceTree = "<group>";
		};
		CFDB3E0F2B347F2100C88D77 /* Menu */ = {
			isa = PBXGroup;
			children = (
				CFDB3E102B347F2900C88D77 /* MenuView.swift */,
			);
			path = Menu;
			sourceTree = "<group>";
		};
/* End PBXGroup section */

/* Begin PBXNativeTarget section */
		CF3F49962B316A6F009E8A96 /* LymCar */ = {
			isa = PBXNativeTarget;
			buildConfigurationList = CF3F49A52B316A70009E8A96 /* Build configuration list for PBXNativeTarget "LymCar" */;
			buildPhases = (
				CF3F49932B316A6F009E8A96 /* Sources */,
				CF3F49942B316A6F009E8A96 /* Frameworks */,
				CF3F49952B316A6F009E8A96 /* Resources */,
			);
			buildRules = (
			);
			dependencies = (
			);
			name = LymCar;
			packageProductDependencies = (
				CF3F49AB2B316BB0009E8A96 /* FirebaseAnalytics */,
				CF3F49AD2B316BB0009E8A96 /* FirebaseAnalyticsOnDeviceConversion */,
				CF3F49AF2B316BB0009E8A96 /* FirebaseAnalyticsSwift */,
				CF3F49B12B316BB0009E8A96 /* FirebaseAnalyticsWithoutAdIdSupport */,
				CF3F49B32B316BB0009E8A96 /* FirebaseAppCheck */,
				CF3F49B52B316BB0009E8A96 /* FirebaseAppDistribution-Beta */,
				CF3F49B72B316BB0009E8A96 /* FirebaseAuth */,
				CF3F49B92B316BB0009E8A96 /* FirebaseAuthCombine-Community */,
				CF3F49BB2B316BB0009E8A96 /* FirebaseCrashlytics */,
				CF3F49BD2B316BB0009E8A96 /* FirebaseDatabase */,
				CF3F49BF2B316BB0009E8A96 /* FirebaseDatabaseSwift */,
				CF3F49C12B316BB0009E8A96 /* FirebaseDynamicLinks */,
				CF3F49C32B316BB0009E8A96 /* FirebaseFirestore */,
				CF3F49C52B316BB0009E8A96 /* FirebaseFirestoreCombine-Community */,
				CF3F49C72B316BB0009E8A96 /* FirebaseFirestoreSwift */,
				CF3F49C92B316BB0009E8A96 /* FirebaseFunctions */,
				CF3F49CB2B316BB0009E8A96 /* FirebaseFunctionsCombine-Community */,
				CF3F49CD2B316BB0009E8A96 /* FirebaseInAppMessaging-Beta */,
				CF3F49CF2B316BB0009E8A96 /* FirebaseInAppMessagingSwift-Beta */,
				CF3F49D12B316BB0009E8A96 /* FirebaseInstallations */,
				CF3F49D32B316BB0009E8A96 /* FirebaseMLModelDownloader */,
				CF3F49D52B316BB0009E8A96 /* FirebaseMessaging */,
				CF3F49D72B316BB0009E8A96 /* FirebasePerformance */,
				CF3F49D92B316BB0009E8A96 /* FirebaseRemoteConfig */,
				CF3F49DB2B316BB0009E8A96 /* FirebaseRemoteConfigSwift */,
				CF3F49DD2B316BB0009E8A96 /* FirebaseStorage */,
				CF3F49DF2B316BB0009E8A96 /* FirebaseStorageCombine-Community */,
			);
			productName = LymCar;
			productReference = CF3F49972B316A6F009E8A96 /* LymCar.app */;
			productType = "com.apple.product-type.application";
		};
/* End PBXNativeTarget section */

/* Begin PBXProject section */
		CF3F498F2B316A6F009E8A96 /* Project object */ = {
			isa = PBXProject;
			attributes = {
				BuildIndependentTargetsInParallel = 1;
				LastSwiftUpdateCheck = 1500;
				LastUpgradeCheck = 1500;
				TargetAttributes = {
					CF3F49962B316A6F009E8A96 = {
						CreatedOnToolsVersion = 15.0.1;
					};
				};
			};
			buildConfigurationList = CF3F49922B316A6F009E8A96 /* Build configuration list for PBXProject "LymCar" */;
			compatibilityVersion = "Xcode 14.0";
			developmentRegion = en;
			hasScannedForEncodings = 0;
			knownRegions = (
				en,
				Base,
			);
			mainGroup = CF3F498E2B316A6F009E8A96;
			packageReferences = (
				CF3F49AA2B316BB0009E8A96 /* XCRemoteSwiftPackageReference "firebase-ios-sdk" */,
			);
			productRefGroup = CF3F49982B316A6F009E8A96 /* Products */;
			projectDirPath = "";
			projectRoot = "";
			targets = (
				CF3F49962B316A6F009E8A96 /* LymCar */,
			);
		};
/* End PBXProject section */

/* Begin PBXResourcesBuildPhase section */
		CF3F49952B316A6F009E8A96 /* Resources */ = {
			isa = PBXResourcesBuildPhase;
			buildActionMask = 2147483647;
			files = (
				CF3F49A22B316A70009E8A96 /* Preview Assets.xcassets in Resources */,
				CF3F499F2B316A70009E8A96 /* Assets.xcassets in Resources */,
				CF3F49A92B316AFF009E8A96 /* GoogleService-Info.plist in Resources */,
			);
			runOnlyForDeploymentPostprocessing = 0;
		};
/* End PBXResourcesBuildPhase section */

/* Begin PBXSourcesBuildPhase section */
		CF3F49932B316A6F009E8A96 /* Sources */ = {
			isa = PBXSourcesBuildPhase;
			buildActionMask = 2147483647;
			files = (
				CF1B79D12B32AACC005974B8 /* MapState.swift in Sources */,
				CF3F49E22B316C11009E8A96 /* AppDelegate.swift in Sources */,
				CF3F49EF2B31A951009E8A96 /* MapViewRepresentable.swift in Sources */,
				CFDB3DFD2B33FC5200C88D77 /* Color.swift in Sources */,
				CF78A6E32B35519A00306F6A /* RootView.swift in Sources */,
				CFDB3E072B3440A900C88D77 /* CarPoolCell.swift in Sources */,
				CF3F49F22B31AA9E009E8A96 /* LocationManager.swift in Sources */,
				CF3F499D2B316A6F009E8A96 /* MapView.swift in Sources */,
				CFDB3E042B3438BA00C88D77 /* CarPoolListView.swift in Sources */,
				CFDB3DFF2B33FF9700C88D77 /* MapViewActionButton.swift in Sources */,
				CF3F499B2B316A6F009E8A96 /* LymCarApp.swift in Sources */,
				CF3F49E82B316E87009E8A96 /* LocationSearchViewModel.swift in Sources */,
				CFDB3DF62B33F98D00C88D77 /* LocationSearchView.swift in Sources */,
				CFDB3E132B347F3B00C88D77 /* HistoryView.swift in Sources */,
				CFDB3DF42B33F6AA00C88D77 /* LocationSearchActivationView.swift in Sources */,
				CF78A6E72B3556C700306F6A /* LoginView.swift in Sources */,
				CFDB3E112B347F2900C88D77 /* MenuView.swift in Sources */,
				CFDB3E012B34048F00C88D77 /* SearchType.swift in Sources */,
				CFDB3E092B344B1500C88D77 /* MainTabView.swift in Sources */,
				CFDB3E0D2B347A0D00C88D77 /* TabMenuItem.swift in Sources */,
				CFDB3E0B2B344DB100C88D77 /* View.swift in Sources */,
			);
			runOnlyForDeploymentPostprocessing = 0;
		};
/* End PBXSourcesBuildPhase section */

/* Begin XCBuildConfiguration section */
		CF3F49A32B316A70009E8A96 /* Debug */ = {
			isa = XCBuildConfiguration;
			buildSettings = {
				ALWAYS_SEARCH_USER_PATHS = NO;
				ASSETCATALOG_COMPILER_GENERATE_SWIFT_ASSET_SYMBOL_EXTENSIONS = YES;
				CLANG_ANALYZER_NONNULL = YES;
				CLANG_ANALYZER_NUMBER_OBJECT_CONVERSION = YES_AGGRESSIVE;
				CLANG_CXX_LANGUAGE_STANDARD = "gnu++20";
				CLANG_ENABLE_MODULES = YES;
				CLANG_ENABLE_OBJC_ARC = YES;
				CLANG_ENABLE_OBJC_WEAK = YES;
				CLANG_WARN_BLOCK_CAPTURE_AUTORELEASING = YES;
				CLANG_WARN_BOOL_CONVERSION = YES;
				CLANG_WARN_COMMA = YES;
				CLANG_WARN_CONSTANT_CONVERSION = YES;
				CLANG_WARN_DEPRECATED_OBJC_IMPLEMENTATIONS = YES;
				CLANG_WARN_DIRECT_OBJC_ISA_USAGE = YES_ERROR;
				CLANG_WARN_DOCUMENTATION_COMMENTS = YES;
				CLANG_WARN_EMPTY_BODY = YES;
				CLANG_WARN_ENUM_CONVERSION = YES;
				CLANG_WARN_INFINITE_RECURSION = YES;
				CLANG_WARN_INT_CONVERSION = YES;
				CLANG_WARN_NON_LITERAL_NULL_CONVERSION = YES;
				CLANG_WARN_OBJC_IMPLICIT_RETAIN_SELF = YES;
				CLANG_WARN_OBJC_LITERAL_CONVERSION = YES;
				CLANG_WARN_OBJC_ROOT_CLASS = YES_ERROR;
				CLANG_WARN_QUOTED_INCLUDE_IN_FRAMEWORK_HEADER = YES;
				CLANG_WARN_RANGE_LOOP_ANALYSIS = YES;
				CLANG_WARN_STRICT_PROTOTYPES = YES;
				CLANG_WARN_SUSPICIOUS_MOVE = YES;
				CLANG_WARN_UNGUARDED_AVAILABILITY = YES_AGGRESSIVE;
				CLANG_WARN_UNREACHABLE_CODE = YES;
				CLANG_WARN__DUPLICATE_METHOD_MATCH = YES;
				COPY_PHASE_STRIP = NO;
				DEBUG_INFORMATION_FORMAT = dwarf;
				ENABLE_STRICT_OBJC_MSGSEND = YES;
				ENABLE_TESTABILITY = YES;
				ENABLE_USER_SCRIPT_SANDBOXING = YES;
				GCC_C_LANGUAGE_STANDARD = gnu17;
				GCC_DYNAMIC_NO_PIC = NO;
				GCC_NO_COMMON_BLOCKS = YES;
				GCC_OPTIMIZATION_LEVEL = 0;
				GCC_PREPROCESSOR_DEFINITIONS = (
					"DEBUG=1",
					"$(inherited)",
				);
				GCC_WARN_64_TO_32_BIT_CONVERSION = YES;
				GCC_WARN_ABOUT_RETURN_TYPE = YES_ERROR;
				GCC_WARN_UNDECLARED_SELECTOR = YES;
				GCC_WARN_UNINITIALIZED_AUTOS = YES_AGGRESSIVE;
				GCC_WARN_UNUSED_FUNCTION = YES;
				GCC_WARN_UNUSED_VARIABLE = YES;
				IPHONEOS_DEPLOYMENT_TARGET = 17.0;
				LOCALIZATION_PREFERS_STRING_CATALOGS = YES;
				MTL_ENABLE_DEBUG_INFO = INCLUDE_SOURCE;
				MTL_FAST_MATH = YES;
				ONLY_ACTIVE_ARCH = YES;
				SDKROOT = iphoneos;
				SWIFT_ACTIVE_COMPILATION_CONDITIONS = "DEBUG $(inherited)";
				SWIFT_OPTIMIZATION_LEVEL = "-Onone";
			};
			name = Debug;
		};
		CF3F49A42B316A70009E8A96 /* Release */ = {
			isa = XCBuildConfiguration;
			buildSettings = {
				ALWAYS_SEARCH_USER_PATHS = NO;
				ASSETCATALOG_COMPILER_GENERATE_SWIFT_ASSET_SYMBOL_EXTENSIONS = YES;
				CLANG_ANALYZER_NONNULL = YES;
				CLANG_ANALYZER_NUMBER_OBJECT_CONVERSION = YES_AGGRESSIVE;
				CLANG_CXX_LANGUAGE_STANDARD = "gnu++20";
				CLANG_ENABLE_MODULES = YES;
				CLANG_ENABLE_OBJC_ARC = YES;
				CLANG_ENABLE_OBJC_WEAK = YES;
				CLANG_WARN_BLOCK_CAPTURE_AUTORELEASING = YES;
				CLANG_WARN_BOOL_CONVERSION = YES;
				CLANG_WARN_COMMA = YES;
				CLANG_WARN_CONSTANT_CONVERSION = YES;
				CLANG_WARN_DEPRECATED_OBJC_IMPLEMENTATIONS = YES;
				CLANG_WARN_DIRECT_OBJC_ISA_USAGE = YES_ERROR;
				CLANG_WARN_DOCUMENTATION_COMMENTS = YES;
				CLANG_WARN_EMPTY_BODY = YES;
				CLANG_WARN_ENUM_CONVERSION = YES;
				CLANG_WARN_INFINITE_RECURSION = YES;
				CLANG_WARN_INT_CONVERSION = YES;
				CLANG_WARN_NON_LITERAL_NULL_CONVERSION = YES;
				CLANG_WARN_OBJC_IMPLICIT_RETAIN_SELF = YES;
				CLANG_WARN_OBJC_LITERAL_CONVERSION = YES;
				CLANG_WARN_OBJC_ROOT_CLASS = YES_ERROR;
				CLANG_WARN_QUOTED_INCLUDE_IN_FRAMEWORK_HEADER = YES;
				CLANG_WARN_RANGE_LOOP_ANALYSIS = YES;
				CLANG_WARN_STRICT_PROTOTYPES = YES;
				CLANG_WARN_SUSPICIOUS_MOVE = YES;
				CLANG_WARN_UNGUARDED_AVAILABILITY = YES_AGGRESSIVE;
				CLANG_WARN_UNREACHABLE_CODE = YES;
				CLANG_WARN__DUPLICATE_METHOD_MATCH = YES;
				COPY_PHASE_STRIP = NO;
				DEBUG_INFORMATION_FORMAT = "dwarf-with-dsym";
				ENABLE_NS_ASSERTIONS = NO;
				ENABLE_STRICT_OBJC_MSGSEND = YES;
				ENABLE_USER_SCRIPT_SANDBOXING = YES;
				GCC_C_LANGUAGE_STANDARD = gnu17;
				GCC_NO_COMMON_BLOCKS = YES;
				GCC_WARN_64_TO_32_BIT_CONVERSION = YES;
				GCC_WARN_ABOUT_RETURN_TYPE = YES_ERROR;
				GCC_WARN_UNDECLARED_SELECTOR = YES;
				GCC_WARN_UNINITIALIZED_AUTOS = YES_AGGRESSIVE;
				GCC_WARN_UNUSED_FUNCTION = YES;
				GCC_WARN_UNUSED_VARIABLE = YES;
				IPHONEOS_DEPLOYMENT_TARGET = 17.0;
				LOCALIZATION_PREFERS_STRING_CATALOGS = YES;
				MTL_ENABLE_DEBUG_INFO = NO;
				MTL_FAST_MATH = YES;
				SDKROOT = iphoneos;
				SWIFT_COMPILATION_MODE = wholemodule;
				VALIDATE_PRODUCT = YES;
			};
			name = Release;
		};
		CF3F49A62B316A70009E8A96 /* Debug */ = {
			isa = XCBuildConfiguration;
			buildSettings = {
				ASSETCATALOG_COMPILER_APPICON_NAME = AppIcon;
				ASSETCATALOG_COMPILER_GLOBAL_ACCENT_COLOR_NAME = AccentColor;
				CODE_SIGN_STYLE = Automatic;
				CURRENT_PROJECT_VERSION = 1;
				DEVELOPMENT_ASSET_PATHS = "\"LymCar/Preview Content\"";
				DEVELOPMENT_TEAM = EX6G2VC9J8;
				ENABLE_PREVIEWS = YES;
				GENERATE_INFOPLIST_FILE = YES;
				INFOPLIST_KEY_NSLocationWhenInUseUsageDescription = "사용자 위치 정보를 표시합니다.";
				INFOPLIST_KEY_UIApplicationSceneManifest_Generation = YES;
				INFOPLIST_KEY_UIApplicationSupportsIndirectInputEvents = YES;
				INFOPLIST_KEY_UILaunchScreen_Generation = YES;
				INFOPLIST_KEY_UISupportedInterfaceOrientations = UIInterfaceOrientationPortrait;
				INFOPLIST_KEY_UISupportedInterfaceOrientations_iPad = "UIInterfaceOrientationLandscapeLeft UIInterfaceOrientationLandscapeRight UIInterfaceOrientationPortrait UIInterfaceOrientationPortraitUpsideDown";
				IPHONEOS_DEPLOYMENT_TARGET = 15.0;
				LD_RUNPATH_SEARCH_PATHS = (
					"$(inherited)",
					"@executable_path/Frameworks",
				);
				MARKETING_VERSION = 1.0;
				PRODUCT_BUNDLE_IDENTIFIER = com.dldmswo1209.LymCar;
				PRODUCT_NAME = "$(TARGET_NAME)";
				SUPPORTED_PLATFORMS = "iphoneos iphonesimulator";
				SUPPORTS_MACCATALYST = NO;
				SUPPORTS_MAC_DESIGNED_FOR_IPHONE_IPAD = NO;
				SWIFT_EMIT_LOC_STRINGS = YES;
				SWIFT_VERSION = 5.0;
				TARGETED_DEVICE_FAMILY = 1;
			};
			name = Debug;
		};
		CF3F49A72B316A70009E8A96 /* Release */ = {
			isa = XCBuildConfiguration;
			buildSettings = {
				ASSETCATALOG_COMPILER_APPICON_NAME = AppIcon;
				ASSETCATALOG_COMPILER_GLOBAL_ACCENT_COLOR_NAME = AccentColor;
				CODE_SIGN_STYLE = Automatic;
				CURRENT_PROJECT_VERSION = 1;
				DEVELOPMENT_ASSET_PATHS = "\"LymCar/Preview Content\"";
				DEVELOPMENT_TEAM = EX6G2VC9J8;
				ENABLE_PREVIEWS = YES;
				GENERATE_INFOPLIST_FILE = YES;
				INFOPLIST_KEY_NSLocationWhenInUseUsageDescription = "사용자 위치 정보를 표시합니다.";
				INFOPLIST_KEY_UIApplicationSceneManifest_Generation = YES;
				INFOPLIST_KEY_UIApplicationSupportsIndirectInputEvents = YES;
				INFOPLIST_KEY_UILaunchScreen_Generation = YES;
				INFOPLIST_KEY_UISupportedInterfaceOrientations = UIInterfaceOrientationPortrait;
				INFOPLIST_KEY_UISupportedInterfaceOrientations_iPad = "UIInterfaceOrientationLandscapeLeft UIInterfaceOrientationLandscapeRight UIInterfaceOrientationPortrait UIInterfaceOrientationPortraitUpsideDown";
				IPHONEOS_DEPLOYMENT_TARGET = 15.0;
				LD_RUNPATH_SEARCH_PATHS = (
					"$(inherited)",
					"@executable_path/Frameworks",
				);
				MARKETING_VERSION = 1.0;
				PRODUCT_BUNDLE_IDENTIFIER = com.dldmswo1209.LymCar;
				PRODUCT_NAME = "$(TARGET_NAME)";
				SUPPORTED_PLATFORMS = "iphoneos iphonesimulator";
				SUPPORTS_MACCATALYST = NO;
				SUPPORTS_MAC_DESIGNED_FOR_IPHONE_IPAD = NO;
				SWIFT_EMIT_LOC_STRINGS = YES;
				SWIFT_VERSION = 5.0;
				TARGETED_DEVICE_FAMILY = 1;
			};
			name = Release;
		};
/* End XCBuildConfiguration section */

/* Begin XCConfigurationList section */
		CF3F49922B316A6F009E8A96 /* Build configuration list for PBXProject "LymCar" */ = {
			isa = XCConfigurationList;
			buildConfigurations = (
				CF3F49A32B316A70009E8A96 /* Debug */,
				CF3F49A42B316A70009E8A96 /* Release */,
			);
			defaultConfigurationIsVisible = 0;
			defaultConfigurationName = Release;
		};
		CF3F49A52B316A70009E8A96 /* Build configuration list for PBXNativeTarget "LymCar" */ = {
			isa = XCConfigurationList;
			buildConfigurations = (
				CF3F49A62B316A70009E8A96 /* Debug */,
				CF3F49A72B316A70009E8A96 /* Release */,
			);
			defaultConfigurationIsVisible = 0;
			defaultConfigurationName = Release;
		};
/* End XCConfigurationList section */

/* Begin XCRemoteSwiftPackageReference section */
		CF3F49AA2B316BB0009E8A96 /* XCRemoteSwiftPackageReference "firebase-ios-sdk" */ = {
			isa = XCRemoteSwiftPackageReference;
			repositoryURL = "https://github.com/firebase/firebase-ios-sdk";
			requirement = {
				kind = upToNextMajorVersion;
				minimumVersion = 10.19.1;
			};
		};
/* End XCRemoteSwiftPackageReference section */

/* Begin XCSwiftPackageProductDependency section */
		CF3F49AB2B316BB0009E8A96 /* FirebaseAnalytics */ = {
			isa = XCSwiftPackageProductDependency;
			package = CF3F49AA2B316BB0009E8A96 /* XCRemoteSwiftPackageReference "firebase-ios-sdk" */;
			productName = FirebaseAnalytics;
		};
		CF3F49AD2B316BB0009E8A96 /* FirebaseAnalyticsOnDeviceConversion */ = {
			isa = XCSwiftPackageProductDependency;
			package = CF3F49AA2B316BB0009E8A96 /* XCRemoteSwiftPackageReference "firebase-ios-sdk" */;
			productName = FirebaseAnalyticsOnDeviceConversion;
		};
		CF3F49AF2B316BB0009E8A96 /* FirebaseAnalyticsSwift */ = {
			isa = XCSwiftPackageProductDependency;
			package = CF3F49AA2B316BB0009E8A96 /* XCRemoteSwiftPackageReference "firebase-ios-sdk" */;
			productName = FirebaseAnalyticsSwift;
		};
		CF3F49B12B316BB0009E8A96 /* FirebaseAnalyticsWithoutAdIdSupport */ = {
			isa = XCSwiftPackageProductDependency;
			package = CF3F49AA2B316BB0009E8A96 /* XCRemoteSwiftPackageReference "firebase-ios-sdk" */;
			productName = FirebaseAnalyticsWithoutAdIdSupport;
		};
		CF3F49B32B316BB0009E8A96 /* FirebaseAppCheck */ = {
			isa = XCSwiftPackageProductDependency;
			package = CF3F49AA2B316BB0009E8A96 /* XCRemoteSwiftPackageReference "firebase-ios-sdk" */;
			productName = FirebaseAppCheck;
		};
		CF3F49B52B316BB0009E8A96 /* FirebaseAppDistribution-Beta */ = {
			isa = XCSwiftPackageProductDependency;
			package = CF3F49AA2B316BB0009E8A96 /* XCRemoteSwiftPackageReference "firebase-ios-sdk" */;
			productName = "FirebaseAppDistribution-Beta";
		};
		CF3F49B72B316BB0009E8A96 /* FirebaseAuth */ = {
			isa = XCSwiftPackageProductDependency;
			package = CF3F49AA2B316BB0009E8A96 /* XCRemoteSwiftPackageReference "firebase-ios-sdk" */;
			productName = FirebaseAuth;
		};
		CF3F49B92B316BB0009E8A96 /* FirebaseAuthCombine-Community */ = {
			isa = XCSwiftPackageProductDependency;
			package = CF3F49AA2B316BB0009E8A96 /* XCRemoteSwiftPackageReference "firebase-ios-sdk" */;
			productName = "FirebaseAuthCombine-Community";
		};
		CF3F49BB2B316BB0009E8A96 /* FirebaseCrashlytics */ = {
			isa = XCSwiftPackageProductDependency;
			package = CF3F49AA2B316BB0009E8A96 /* XCRemoteSwiftPackageReference "firebase-ios-sdk" */;
			productName = FirebaseCrashlytics;
		};
		CF3F49BD2B316BB0009E8A96 /* FirebaseDatabase */ = {
			isa = XCSwiftPackageProductDependency;
			package = CF3F49AA2B316BB0009E8A96 /* XCRemoteSwiftPackageReference "firebase-ios-sdk" */;
			productName = FirebaseDatabase;
		};
		CF3F49BF2B316BB0009E8A96 /* FirebaseDatabaseSwift */ = {
			isa = XCSwiftPackageProductDependency;
			package = CF3F49AA2B316BB0009E8A96 /* XCRemoteSwiftPackageReference "firebase-ios-sdk" */;
			productName = FirebaseDatabaseSwift;
		};
		CF3F49C12B316BB0009E8A96 /* FirebaseDynamicLinks */ = {
			isa = XCSwiftPackageProductDependency;
			package = CF3F49AA2B316BB0009E8A96 /* XCRemoteSwiftPackageReference "firebase-ios-sdk" */;
			productName = FirebaseDynamicLinks;
		};
		CF3F49C32B316BB0009E8A96 /* FirebaseFirestore */ = {
			isa = XCSwiftPackageProductDependency;
			package = CF3F49AA2B316BB0009E8A96 /* XCRemoteSwiftPackageReference "firebase-ios-sdk" */;
			productName = FirebaseFirestore;
		};
		CF3F49C52B316BB0009E8A96 /* FirebaseFirestoreCombine-Community */ = {
			isa = XCSwiftPackageProductDependency;
			package = CF3F49AA2B316BB0009E8A96 /* XCRemoteSwiftPackageReference "firebase-ios-sdk" */;
			productName = "FirebaseFirestoreCombine-Community";
		};
		CF3F49C72B316BB0009E8A96 /* FirebaseFirestoreSwift */ = {
			isa = XCSwiftPackageProductDependency;
			package = CF3F49AA2B316BB0009E8A96 /* XCRemoteSwiftPackageReference "firebase-ios-sdk" */;
			productName = FirebaseFirestoreSwift;
		};
		CF3F49C92B316BB0009E8A96 /* FirebaseFunctions */ = {
			isa = XCSwiftPackageProductDependency;
			package = CF3F49AA2B316BB0009E8A96 /* XCRemoteSwiftPackageReference "firebase-ios-sdk" */;
			productName = FirebaseFunctions;
		};
		CF3F49CB2B316BB0009E8A96 /* FirebaseFunctionsCombine-Community */ = {
			isa = XCSwiftPackageProductDependency;
			package = CF3F49AA2B316BB0009E8A96 /* XCRemoteSwiftPackageReference "firebase-ios-sdk" */;
			productName = "FirebaseFunctionsCombine-Community";
		};
		CF3F49CD2B316BB0009E8A96 /* FirebaseInAppMessaging-Beta */ = {
			isa = XCSwiftPackageProductDependency;
			package = CF3F49AA2B316BB0009E8A96 /* XCRemoteSwiftPackageReference "firebase-ios-sdk" */;
			productName = "FirebaseInAppMessaging-Beta";
		};
		CF3F49CF2B316BB0009E8A96 /* FirebaseInAppMessagingSwift-Beta */ = {
			isa = XCSwiftPackageProductDependency;
			package = CF3F49AA2B316BB0009E8A96 /* XCRemoteSwiftPackageReference "firebase-ios-sdk" */;
			productName = "FirebaseInAppMessagingSwift-Beta";
		};
		CF3F49D12B316BB0009E8A96 /* FirebaseInstallations */ = {
			isa = XCSwiftPackageProductDependency;
			package = CF3F49AA2B316BB0009E8A96 /* XCRemoteSwiftPackageReference "firebase-ios-sdk" */;
			productName = FirebaseInstallations;
		};
		CF3F49D32B316BB0009E8A96 /* FirebaseMLModelDownloader */ = {
			isa = XCSwiftPackageProductDependency;
			package = CF3F49AA2B316BB0009E8A96 /* XCRemoteSwiftPackageReference "firebase-ios-sdk" */;
			productName = FirebaseMLModelDownloader;
		};
		CF3F49D52B316BB0009E8A96 /* FirebaseMessaging */ = {
			isa = XCSwiftPackageProductDependency;
			package = CF3F49AA2B316BB0009E8A96 /* XCRemoteSwiftPackageReference "firebase-ios-sdk" */;
			productName = FirebaseMessaging;
		};
		CF3F49D72B316BB0009E8A96 /* FirebasePerformance */ = {
			isa = XCSwiftPackageProductDependency;
			package = CF3F49AA2B316BB0009E8A96 /* XCRemoteSwiftPackageReference "firebase-ios-sdk" */;
			productName = FirebasePerformance;
		};
		CF3F49D92B316BB0009E8A96 /* FirebaseRemoteConfig */ = {
			isa = XCSwiftPackageProductDependency;
			package = CF3F49AA2B316BB0009E8A96 /* XCRemoteSwiftPackageReference "firebase-ios-sdk" */;
			productName = FirebaseRemoteConfig;
		};
		CF3F49DB2B316BB0009E8A96 /* FirebaseRemoteConfigSwift */ = {
			isa = XCSwiftPackageProductDependency;
			package = CF3F49AA2B316BB0009E8A96 /* XCRemoteSwiftPackageReference "firebase-ios-sdk" */;
			productName = FirebaseRemoteConfigSwift;
		};
		CF3F49DD2B316BB0009E8A96 /* FirebaseStorage */ = {
			isa = XCSwiftPackageProductDependency;
			package = CF3F49AA2B316BB0009E8A96 /* XCRemoteSwiftPackageReference "firebase-ios-sdk" */;
			productName = FirebaseStorage;
		};
		CF3F49DF2B316BB0009E8A96 /* FirebaseStorageCombine-Community */ = {
			isa = XCSwiftPackageProductDependency;
			package = CF3F49AA2B316BB0009E8A96 /* XCRemoteSwiftPackageReference "firebase-ios-sdk" */;
			productName = "FirebaseStorageCombine-Community";
		};
/* End XCSwiftPackageProductDependency section */
	};
	rootObject = CF3F498F2B316A6F009E8A96 /* Project object */;
}
